
Microsoft Visual Studio Solution File, Format Version 12.00
# Visual Studio Version 17
VisualStudioVersion = 17.0.31903.59
MinimumVisualStudioVersion = 10.0.40219.1
Project("{2150E333-8FDC-42A3-9474-1A3956D46DE8}") = "Solution Items", "Solution Items", "{16E10BBC-8BCD-422B-8E3D-0C8D24BD4459}"
	ProjectSection(SolutionItems) = preProject
		.dockerignore = .dockerignore
		.editorconfig = .editorconfig
		.gitattributes = .gitattributes
		.gitignore = .gitignore
		Directory.Build.props = Directory.Build.props
		docs\README.md = docs\README.md
	EndProjectSection
EndProject
Project("{2150E333-8FDC-42A3-9474-1A3956D46DE8}") = "Adapters", "Adapters", "{45D90BEF-AE56-430E-9351-DFB7FFCBE717}"
EndProject
Project("{2150E333-8FDC-42A3-9474-1A3956D46DE8}") = "Store", "Store", "{CB1F59CB-F586-48BF-9A51-F57F0C843331}"
EndProject
Project("{2150E333-8FDC-42A3-9474-1A3956D46DE8}") = "Tests", "Tests", "{BF7A8F35-38ED-48E8-8368-200E13753216}"
EndProject
Project("{9A19103F-16F7-4668-BE54-9A1E7A4F7556}") = "EvDb.IntegrationTests", "Tests\EvDb.IntegrationTests\EvDb.IntegrationTests.csproj", "{776E4A5C-9280-4139-BDC8-B6EF9F2E2FE7}"
EndProject
Project("{9A19103F-16F7-4668-BE54-9A1E7A4F7556}") = "EvDb.UnitTests", "Tests\EvDb.UnitTests\EvDb.UnitTests.csproj", "{E263A5DB-A3E6-46E0-AD1D-0B1D0FFB8F1B}"
EndProject
Project("{9A19103F-16F7-4668-BE54-9A1E7A4F7556}") = "EvDb.Core", "EvDb.Core\EvDb.Core.csproj", "{114CFC3F-4798-4620-B9A2-F0DAA49E3609}"
EndProject
Project("{9A19103F-16F7-4668-BE54-9A1E7A4F7556}") = "EvDb.TestsHelper", "Tests\EvDb.TestsHelper\EvDb.TestsHelper.csproj", "{03D1616D-3173-4BE9-9553-E0F193C92EBA}"
EndProject
Project("{2150E333-8FDC-42A3-9474-1A3956D46DE8}") = "SqlServer", "SqlServer", "{E28A0B42-B07C-4BA4-B37B-6D90F0A315C1}"
EndProject
Project("{9A19103F-16F7-4668-BE54-9A1E7A4F7556}") = "EvDb.Adapters.Store.EvDbSqlServer", "Adapters\Store\SqlServer\EvDb.Adapters.Store.EvDbSqlServer\EvDb.Adapters.Store.EvDbSqlServer.csproj", "{9BB95B24-CB2E-4B8D-900C-3A79F25E8653}"
EndProject
Project("{9A19103F-16F7-4668-BE54-9A1E7A4F7556}") = "EvDb.Adapters.Store.EvDbSqlServerMigration", "Adapters\Store\SqlServer\EvDb.Adapters.Store.EvDbSqlServerMigration\EvDb.Adapters.Store.EvDbSqlServerMigration.csproj", "{1DF56E5A-F3BD-40D6-A2FE-B53123DB1139}"
EndProject
Project("{9A19103F-16F7-4668-BE54-9A1E7A4F7556}") = "EvDb.Adapters.Store.EvDbRelational", "Adapters\Store\EvDb.Adapters.Store.EvDbRelational\EvDb.Adapters.Store.EvDbRelational.csproj", "{6B71983F-EF79-4860-B015-97F05BFA39AE}"
EndProject
Project("{9A19103F-16F7-4668-BE54-9A1E7A4F7556}") = "EvDb.Adapters.Store.EvDbRelationalCommon", "Adapters\Store\EvDb.Adapters.Store.EvDbRelationalCommon\EvDb.Adapters.Store.EvDbRelationalCommon.csproj", "{DACA1C5B-1045-409E-BCE7-E596C0F3C1EB}"
EndProject
Project("{9A19103F-16F7-4668-BE54-9A1E7A4F7556}") = "EvDb.Adapters.Store.EvDbRelationalMigration", "Adapters\Store\EvDb.Adapters.Store.EvDbRelationalMigration\EvDb.Adapters.Store.EvDbRelationalMigration.csproj", "{C0B1523B-C34F-4B2F-BA4D-DF5DFDCE5F3B}"
EndProject
Project("{2150E333-8FDC-42A3-9474-1A3956D46DE8}") = "Postgres", "Postgres", "{A2E43C8C-C634-4CC6-B210-381AB33D6F14}"
EndProject
Project("{9A19103F-16F7-4668-BE54-9A1E7A4F7556}") = "EvDb.Adapters.Store.EvDbSqlPostgres", "Adapters\Store\Postgres\EvDb.Adapters.Store.EvDbSqlPostgres\EvDb.Adapters.Store.EvDbSqlPostgres.csproj", "{917BD2D0-F422-4D0D-A3A9-B282A588715C}"
EndProject
Project("{9A19103F-16F7-4668-BE54-9A1E7A4F7556}") = "EvDb.Adapters.Store.EvDbSqlPostgresMigration", "Adapters\Store\Postgres\EvDb.Adapters.Store.EvDbSqlPostgresMigration\EvDb.Adapters.Store.EvDbSqlPostgresMigration.csproj", "{D6448EA1-C1DB-4DF2-9454-36808848EB44}"
EndProject
Project("{2150E333-8FDC-42A3-9474-1A3956D46DE8}") = "Samples", "Samples", "{2A577C3E-B32E-427B-9475-7F09E61B1644}"
EndProject
Project("{9A19103F-16F7-4668-BE54-9A1E7A4F7556}") = "EvDb.Samples.EvDbWebSample", "Samples\EvDb.Samples.EvDbWebSample\EvDb.Samples.EvDbWebSample.csproj", "{464A93C1-99F2-4E6F-B893-3880445A69F2}"
EndProject
Project("{9A19103F-16F7-4668-BE54-9A1E7A4F7556}") = "EvDb.Scenes", "Samples\EvDb.Scenes\EvDb.Scenes.csproj", "{4EC5D1AE-77BA-4BD2-B6EF-41A6050C6455}"
EndProject
Project("{9A19103F-16F7-4668-BE54-9A1E7A4F7556}") = "EvDb.SourceGenerator", "EvDb.SourceGenerator\EvDb.SourceGenerator.csproj", "{20701260-92EC-45EB-9741-D5DC1DFD9F3A}"
EndProject
Global
	GlobalSection(SolutionConfigurationPlatforms) = preSolution
		Debug|Any CPU = Debug|Any CPU
		Debug|x64 = Debug|x64
		Debug|x86 = Debug|x86
		Gen|Any CPU = Gen|Any CPU
		Gen|x64 = Gen|x64
		Gen|x86 = Gen|x86
		Release|Any CPU = Release|Any CPU
		Release|x64 = Release|x64
		Release|x86 = Release|x86
	EndGlobalSection
	GlobalSection(ProjectConfigurationPlatforms) = postSolution
		{776E4A5C-9280-4139-BDC8-B6EF9F2E2FE7}.Debug|Any CPU.ActiveCfg = Debug|Any CPU
		{776E4A5C-9280-4139-BDC8-B6EF9F2E2FE7}.Debug|Any CPU.Build.0 = Debug|Any CPU
		{776E4A5C-9280-4139-BDC8-B6EF9F2E2FE7}.Debug|x64.ActiveCfg = Debug|Any CPU
		{776E4A5C-9280-4139-BDC8-B6EF9F2E2FE7}.Debug|x64.Build.0 = Debug|Any CPU
		{776E4A5C-9280-4139-BDC8-B6EF9F2E2FE7}.Debug|x86.ActiveCfg = Debug|Any CPU
		{776E4A5C-9280-4139-BDC8-B6EF9F2E2FE7}.Debug|x86.Build.0 = Debug|Any CPU
		{776E4A5C-9280-4139-BDC8-B6EF9F2E2FE7}.Gen|Any CPU.ActiveCfg = Gen|Any CPU
		{776E4A5C-9280-4139-BDC8-B6EF9F2E2FE7}.Gen|x64.ActiveCfg = Gen|Any CPU
		{776E4A5C-9280-4139-BDC8-B6EF9F2E2FE7}.Gen|x64.Build.0 = Gen|Any CPU
		{776E4A5C-9280-4139-BDC8-B6EF9F2E2FE7}.Gen|x86.ActiveCfg = Gen|Any CPU
		{776E4A5C-9280-4139-BDC8-B6EF9F2E2FE7}.Gen|x86.Build.0 = Gen|Any CPU
		{776E4A5C-9280-4139-BDC8-B6EF9F2E2FE7}.Release|Any CPU.ActiveCfg = Release|Any CPU
		{776E4A5C-9280-4139-BDC8-B6EF9F2E2FE7}.Release|Any CPU.Build.0 = Release|Any CPU
		{776E4A5C-9280-4139-BDC8-B6EF9F2E2FE7}.Release|x64.ActiveCfg = Release|Any CPU
		{776E4A5C-9280-4139-BDC8-B6EF9F2E2FE7}.Release|x64.Build.0 = Release|Any CPU
		{776E4A5C-9280-4139-BDC8-B6EF9F2E2FE7}.Release|x86.ActiveCfg = Release|Any CPU
		{776E4A5C-9280-4139-BDC8-B6EF9F2E2FE7}.Release|x86.Build.0 = Release|Any CPU
		{E263A5DB-A3E6-46E0-AD1D-0B1D0FFB8F1B}.Debug|Any CPU.ActiveCfg = Debug|Any CPU
		{E263A5DB-A3E6-46E0-AD1D-0B1D0FFB8F1B}.Debug|Any CPU.Build.0 = Debug|Any CPU
		{E263A5DB-A3E6-46E0-AD1D-0B1D0FFB8F1B}.Debug|x64.ActiveCfg = Debug|Any CPU
		{E263A5DB-A3E6-46E0-AD1D-0B1D0FFB8F1B}.Debug|x64.Build.0 = Debug|Any CPU
		{E263A5DB-A3E6-46E0-AD1D-0B1D0FFB8F1B}.Debug|x86.ActiveCfg = Debug|Any CPU
		{E263A5DB-A3E6-46E0-AD1D-0B1D0FFB8F1B}.Debug|x86.Build.0 = Debug|Any CPU
		{E263A5DB-A3E6-46E0-AD1D-0B1D0FFB8F1B}.Gen|Any CPU.ActiveCfg = Gen|Any CPU
		{E263A5DB-A3E6-46E0-AD1D-0B1D0FFB8F1B}.Gen|x64.ActiveCfg = Gen|Any CPU
		{E263A5DB-A3E6-46E0-AD1D-0B1D0FFB8F1B}.Gen|x64.Build.0 = Gen|Any CPU
		{E263A5DB-A3E6-46E0-AD1D-0B1D0FFB8F1B}.Gen|x86.ActiveCfg = Gen|Any CPU
		{E263A5DB-A3E6-46E0-AD1D-0B1D0FFB8F1B}.Gen|x86.Build.0 = Gen|Any CPU
		{E263A5DB-A3E6-46E0-AD1D-0B1D0FFB8F1B}.Release|Any CPU.ActiveCfg = Release|Any CPU
		{E263A5DB-A3E6-46E0-AD1D-0B1D0FFB8F1B}.Release|Any CPU.Build.0 = Release|Any CPU
		{E263A5DB-A3E6-46E0-AD1D-0B1D0FFB8F1B}.Release|x64.ActiveCfg = Release|Any CPU
		{E263A5DB-A3E6-46E0-AD1D-0B1D0FFB8F1B}.Release|x64.Build.0 = Release|Any CPU
		{E263A5DB-A3E6-46E0-AD1D-0B1D0FFB8F1B}.Release|x86.ActiveCfg = Release|Any CPU
		{E263A5DB-A3E6-46E0-AD1D-0B1D0FFB8F1B}.Release|x86.Build.0 = Release|Any CPU
		{114CFC3F-4798-4620-B9A2-F0DAA49E3609}.Debug|Any CPU.ActiveCfg = Debug|Any CPU
		{114CFC3F-4798-4620-B9A2-F0DAA49E3609}.Debug|Any CPU.Build.0 = Debug|Any CPU
		{114CFC3F-4798-4620-B9A2-F0DAA49E3609}.Debug|x64.ActiveCfg = Debug|Any CPU
		{114CFC3F-4798-4620-B9A2-F0DAA49E3609}.Debug|x64.Build.0 = Debug|Any CPU
		{114CFC3F-4798-4620-B9A2-F0DAA49E3609}.Debug|x86.ActiveCfg = Debug|Any CPU
		{114CFC3F-4798-4620-B9A2-F0DAA49E3609}.Debug|x86.Build.0 = Debug|Any CPU
		{114CFC3F-4798-4620-B9A2-F0DAA49E3609}.Gen|Any CPU.ActiveCfg = Gen|Any CPU
		{114CFC3F-4798-4620-B9A2-F0DAA49E3609}.Gen|x64.ActiveCfg = Gen|Any CPU
		{114CFC3F-4798-4620-B9A2-F0DAA49E3609}.Gen|x64.Build.0 = Gen|Any CPU
		{114CFC3F-4798-4620-B9A2-F0DAA49E3609}.Gen|x86.ActiveCfg = Gen|Any CPU
		{114CFC3F-4798-4620-B9A2-F0DAA49E3609}.Gen|x86.Build.0 = Gen|Any CPU
		{114CFC3F-4798-4620-B9A2-F0DAA49E3609}.Release|Any CPU.ActiveCfg = Release|Any CPU
		{114CFC3F-4798-4620-B9A2-F0DAA49E3609}.Release|Any CPU.Build.0 = Release|Any CPU
		{114CFC3F-4798-4620-B9A2-F0DAA49E3609}.Release|x64.ActiveCfg = Release|Any CPU
		{114CFC3F-4798-4620-B9A2-F0DAA49E3609}.Release|x64.Build.0 = Release|Any CPU
		{114CFC3F-4798-4620-B9A2-F0DAA49E3609}.Release|x86.ActiveCfg = Release|Any CPU
		{114CFC3F-4798-4620-B9A2-F0DAA49E3609}.Release|x86.Build.0 = Release|Any CPU
		{03D1616D-3173-4BE9-9553-E0F193C92EBA}.Debug|Any CPU.ActiveCfg = Debug|Any CPU
		{03D1616D-3173-4BE9-9553-E0F193C92EBA}.Debug|Any CPU.Build.0 = Debug|Any CPU
		{03D1616D-3173-4BE9-9553-E0F193C92EBA}.Debug|x64.ActiveCfg = Debug|Any CPU
		{03D1616D-3173-4BE9-9553-E0F193C92EBA}.Debug|x64.Build.0 = Debug|Any CPU
		{03D1616D-3173-4BE9-9553-E0F193C92EBA}.Debug|x86.ActiveCfg = Debug|Any CPU
		{03D1616D-3173-4BE9-9553-E0F193C92EBA}.Debug|x86.Build.0 = Debug|Any CPU
		{03D1616D-3173-4BE9-9553-E0F193C92EBA}.Gen|Any CPU.ActiveCfg = Gen|Any CPU
		{03D1616D-3173-4BE9-9553-E0F193C92EBA}.Gen|x64.ActiveCfg = Gen|Any CPU
		{03D1616D-3173-4BE9-9553-E0F193C92EBA}.Gen|x64.Build.0 = Gen|Any CPU
		{03D1616D-3173-4BE9-9553-E0F193C92EBA}.Gen|x86.ActiveCfg = Gen|Any CPU
		{03D1616D-3173-4BE9-9553-E0F193C92EBA}.Gen|x86.Build.0 = Gen|Any CPU
		{03D1616D-3173-4BE9-9553-E0F193C92EBA}.Release|Any CPU.ActiveCfg = Release|Any CPU
		{03D1616D-3173-4BE9-9553-E0F193C92EBA}.Release|Any CPU.Build.0 = Release|Any CPU
		{03D1616D-3173-4BE9-9553-E0F193C92EBA}.Release|x64.ActiveCfg = Release|Any CPU
		{03D1616D-3173-4BE9-9553-E0F193C92EBA}.Release|x64.Build.0 = Release|Any CPU
		{03D1616D-3173-4BE9-9553-E0F193C92EBA}.Release|x86.ActiveCfg = Release|Any CPU
		{03D1616D-3173-4BE9-9553-E0F193C92EBA}.Release|x86.Build.0 = Release|Any CPU
		{9BB95B24-CB2E-4B8D-900C-3A79F25E8653}.Debug|Any CPU.ActiveCfg = Debug|Any CPU
		{9BB95B24-CB2E-4B8D-900C-3A79F25E8653}.Debug|Any CPU.Build.0 = Debug|Any CPU
		{9BB95B24-CB2E-4B8D-900C-3A79F25E8653}.Debug|x64.ActiveCfg = Debug|Any CPU
		{9BB95B24-CB2E-4B8D-900C-3A79F25E8653}.Debug|x64.Build.0 = Debug|Any CPU
		{9BB95B24-CB2E-4B8D-900C-3A79F25E8653}.Debug|x86.ActiveCfg = Debug|Any CPU
		{9BB95B24-CB2E-4B8D-900C-3A79F25E8653}.Debug|x86.Build.0 = Debug|Any CPU
		{9BB95B24-CB2E-4B8D-900C-3A79F25E8653}.Gen|Any CPU.ActiveCfg = Gen|Any CPU
		{9BB95B24-CB2E-4B8D-900C-3A79F25E8653}.Gen|x64.ActiveCfg = Gen|Any CPU
		{9BB95B24-CB2E-4B8D-900C-3A79F25E8653}.Gen|x64.Build.0 = Gen|Any CPU
		{9BB95B24-CB2E-4B8D-900C-3A79F25E8653}.Gen|x86.ActiveCfg = Gen|Any CPU
		{9BB95B24-CB2E-4B8D-900C-3A79F25E8653}.Gen|x86.Build.0 = Gen|Any CPU
		{9BB95B24-CB2E-4B8D-900C-3A79F25E8653}.Release|Any CPU.ActiveCfg = Release|Any CPU
		{9BB95B24-CB2E-4B8D-900C-3A79F25E8653}.Release|Any CPU.Build.0 = Release|Any CPU
		{9BB95B24-CB2E-4B8D-900C-3A79F25E8653}.Release|x64.ActiveCfg = Release|Any CPU
		{9BB95B24-CB2E-4B8D-900C-3A79F25E8653}.Release|x64.Build.0 = Release|Any CPU
		{9BB95B24-CB2E-4B8D-900C-3A79F25E8653}.Release|x86.ActiveCfg = Release|Any CPU
		{9BB95B24-CB2E-4B8D-900C-3A79F25E8653}.Release|x86.Build.0 = Release|Any CPU
		{1DF56E5A-F3BD-40D6-A2FE-B53123DB1139}.Debug|Any CPU.ActiveCfg = Debug|Any CPU
		{1DF56E5A-F3BD-40D6-A2FE-B53123DB1139}.Debug|Any CPU.Build.0 = Debug|Any CPU
		{1DF56E5A-F3BD-40D6-A2FE-B53123DB1139}.Debug|x64.ActiveCfg = Debug|Any CPU
		{1DF56E5A-F3BD-40D6-A2FE-B53123DB1139}.Debug|x64.Build.0 = Debug|Any CPU
		{1DF56E5A-F3BD-40D6-A2FE-B53123DB1139}.Debug|x86.ActiveCfg = Debug|Any CPU
		{1DF56E5A-F3BD-40D6-A2FE-B53123DB1139}.Debug|x86.Build.0 = Debug|Any CPU
		{1DF56E5A-F3BD-40D6-A2FE-B53123DB1139}.Gen|Any CPU.ActiveCfg = Gen|Any CPU
		{1DF56E5A-F3BD-40D6-A2FE-B53123DB1139}.Gen|x64.ActiveCfg = Gen|Any CPU
		{1DF56E5A-F3BD-40D6-A2FE-B53123DB1139}.Gen|x64.Build.0 = Gen|Any CPU
		{1DF56E5A-F3BD-40D6-A2FE-B53123DB1139}.Gen|x86.ActiveCfg = Gen|Any CPU
		{1DF56E5A-F3BD-40D6-A2FE-B53123DB1139}.Gen|x86.Build.0 = Gen|Any CPU
		{1DF56E5A-F3BD-40D6-A2FE-B53123DB1139}.Release|Any CPU.ActiveCfg = Release|Any CPU
		{1DF56E5A-F3BD-40D6-A2FE-B53123DB1139}.Release|Any CPU.Build.0 = Release|Any CPU
		{1DF56E5A-F3BD-40D6-A2FE-B53123DB1139}.Release|x64.ActiveCfg = Release|Any CPU
		{1DF56E5A-F3BD-40D6-A2FE-B53123DB1139}.Release|x64.Build.0 = Release|Any CPU
		{1DF56E5A-F3BD-40D6-A2FE-B53123DB1139}.Release|x86.ActiveCfg = Release|Any CPU
		{1DF56E5A-F3BD-40D6-A2FE-B53123DB1139}.Release|x86.Build.0 = Release|Any CPU
		{6B71983F-EF79-4860-B015-97F05BFA39AE}.Debug|Any CPU.ActiveCfg = Debug|Any CPU
		{6B71983F-EF79-4860-B015-97F05BFA39AE}.Debug|Any CPU.Build.0 = Debug|Any CPU
		{6B71983F-EF79-4860-B015-97F05BFA39AE}.Debug|x64.ActiveCfg = Debug|Any CPU
		{6B71983F-EF79-4860-B015-97F05BFA39AE}.Debug|x64.Build.0 = Debug|Any CPU
		{6B71983F-EF79-4860-B015-97F05BFA39AE}.Debug|x86.ActiveCfg = Debug|Any CPU
		{6B71983F-EF79-4860-B015-97F05BFA39AE}.Debug|x86.Build.0 = Debug|Any CPU
		{6B71983F-EF79-4860-B015-97F05BFA39AE}.Gen|Any CPU.ActiveCfg = Gen|Any CPU
		{6B71983F-EF79-4860-B015-97F05BFA39AE}.Gen|Any CPU.Build.0 = Gen|Any CPU
		{6B71983F-EF79-4860-B015-97F05BFA39AE}.Gen|x64.ActiveCfg = Gen|Any CPU
		{6B71983F-EF79-4860-B015-97F05BFA39AE}.Gen|x64.Build.0 = Gen|Any CPU
		{6B71983F-EF79-4860-B015-97F05BFA39AE}.Gen|x86.ActiveCfg = Gen|Any CPU
		{6B71983F-EF79-4860-B015-97F05BFA39AE}.Gen|x86.Build.0 = Gen|Any CPU
		{6B71983F-EF79-4860-B015-97F05BFA39AE}.Release|Any CPU.ActiveCfg = Release|Any CPU
		{6B71983F-EF79-4860-B015-97F05BFA39AE}.Release|Any CPU.Build.0 = Release|Any CPU
		{6B71983F-EF79-4860-B015-97F05BFA39AE}.Release|x64.ActiveCfg = Release|Any CPU
		{6B71983F-EF79-4860-B015-97F05BFA39AE}.Release|x64.Build.0 = Release|Any CPU
		{6B71983F-EF79-4860-B015-97F05BFA39AE}.Release|x86.ActiveCfg = Release|Any CPU
		{6B71983F-EF79-4860-B015-97F05BFA39AE}.Release|x86.Build.0 = Release|Any CPU
		{DACA1C5B-1045-409E-BCE7-E596C0F3C1EB}.Debug|Any CPU.ActiveCfg = Debug|Any CPU
		{DACA1C5B-1045-409E-BCE7-E596C0F3C1EB}.Debug|Any CPU.Build.0 = Debug|Any CPU
		{DACA1C5B-1045-409E-BCE7-E596C0F3C1EB}.Debug|x64.ActiveCfg = Debug|Any CPU
		{DACA1C5B-1045-409E-BCE7-E596C0F3C1EB}.Debug|x64.Build.0 = Debug|Any CPU
		{DACA1C5B-1045-409E-BCE7-E596C0F3C1EB}.Debug|x86.ActiveCfg = Debug|Any CPU
		{DACA1C5B-1045-409E-BCE7-E596C0F3C1EB}.Debug|x86.Build.0 = Debug|Any CPU
		{DACA1C5B-1045-409E-BCE7-E596C0F3C1EB}.Gen|Any CPU.ActiveCfg = Gen|Any CPU
		{DACA1C5B-1045-409E-BCE7-E596C0F3C1EB}.Gen|Any CPU.Build.0 = Gen|Any CPU
		{DACA1C5B-1045-409E-BCE7-E596C0F3C1EB}.Gen|x64.ActiveCfg = Gen|Any CPU
		{DACA1C5B-1045-409E-BCE7-E596C0F3C1EB}.Gen|x64.Build.0 = Gen|Any CPU
		{DACA1C5B-1045-409E-BCE7-E596C0F3C1EB}.Gen|x86.ActiveCfg = Gen|Any CPU
		{DACA1C5B-1045-409E-BCE7-E596C0F3C1EB}.Gen|x86.Build.0 = Gen|Any CPU
		{DACA1C5B-1045-409E-BCE7-E596C0F3C1EB}.Release|Any CPU.ActiveCfg = Release|Any CPU
		{DACA1C5B-1045-409E-BCE7-E596C0F3C1EB}.Release|Any CPU.Build.0 = Release|Any CPU
		{DACA1C5B-1045-409E-BCE7-E596C0F3C1EB}.Release|x64.ActiveCfg = Release|Any CPU
		{DACA1C5B-1045-409E-BCE7-E596C0F3C1EB}.Release|x64.Build.0 = Release|Any CPU
		{DACA1C5B-1045-409E-BCE7-E596C0F3C1EB}.Release|x86.ActiveCfg = Release|Any CPU
		{DACA1C5B-1045-409E-BCE7-E596C0F3C1EB}.Release|x86.Build.0 = Release|Any CPU
		{C0B1523B-C34F-4B2F-BA4D-DF5DFDCE5F3B}.Debug|Any CPU.ActiveCfg = Debug|Any CPU
		{C0B1523B-C34F-4B2F-BA4D-DF5DFDCE5F3B}.Debug|Any CPU.Build.0 = Debug|Any CPU
		{C0B1523B-C34F-4B2F-BA4D-DF5DFDCE5F3B}.Debug|x64.ActiveCfg = Debug|Any CPU
		{C0B1523B-C34F-4B2F-BA4D-DF5DFDCE5F3B}.Debug|x64.Build.0 = Debug|Any CPU
		{C0B1523B-C34F-4B2F-BA4D-DF5DFDCE5F3B}.Debug|x86.ActiveCfg = Debug|Any CPU
		{C0B1523B-C34F-4B2F-BA4D-DF5DFDCE5F3B}.Debug|x86.Build.0 = Debug|Any CPU
		{C0B1523B-C34F-4B2F-BA4D-DF5DFDCE5F3B}.Gen|Any CPU.ActiveCfg = Gen|Any CPU
		{C0B1523B-C34F-4B2F-BA4D-DF5DFDCE5F3B}.Gen|x64.ActiveCfg = Gen|Any CPU
		{C0B1523B-C34F-4B2F-BA4D-DF5DFDCE5F3B}.Gen|x64.Build.0 = Gen|Any CPU
		{C0B1523B-C34F-4B2F-BA4D-DF5DFDCE5F3B}.Gen|x86.ActiveCfg = Gen|Any CPU
		{C0B1523B-C34F-4B2F-BA4D-DF5DFDCE5F3B}.Gen|x86.Build.0 = Gen|Any CPU
		{C0B1523B-C34F-4B2F-BA4D-DF5DFDCE5F3B}.Release|Any CPU.ActiveCfg = Release|Any CPU
		{C0B1523B-C34F-4B2F-BA4D-DF5DFDCE5F3B}.Release|Any CPU.Build.0 = Release|Any CPU
		{C0B1523B-C34F-4B2F-BA4D-DF5DFDCE5F3B}.Release|x64.ActiveCfg = Release|Any CPU
		{C0B1523B-C34F-4B2F-BA4D-DF5DFDCE5F3B}.Release|x64.Build.0 = Release|Any CPU
		{C0B1523B-C34F-4B2F-BA4D-DF5DFDCE5F3B}.Release|x86.ActiveCfg = Release|Any CPU
		{C0B1523B-C34F-4B2F-BA4D-DF5DFDCE5F3B}.Release|x86.Build.0 = Release|Any CPU
		{917BD2D0-F422-4D0D-A3A9-B282A588715C}.Debug|Any CPU.ActiveCfg = Debug|Any CPU
		{917BD2D0-F422-4D0D-A3A9-B282A588715C}.Debug|Any CPU.Build.0 = Debug|Any CPU
		{917BD2D0-F422-4D0D-A3A9-B282A588715C}.Debug|x64.ActiveCfg = Debug|Any CPU
		{917BD2D0-F422-4D0D-A3A9-B282A588715C}.Debug|x64.Build.0 = Debug|Any CPU
		{917BD2D0-F422-4D0D-A3A9-B282A588715C}.Debug|x86.ActiveCfg = Debug|Any CPU
		{917BD2D0-F422-4D0D-A3A9-B282A588715C}.Debug|x86.Build.0 = Debug|Any CPU
		{917BD2D0-F422-4D0D-A3A9-B282A588715C}.Gen|Any CPU.ActiveCfg = Gen|Any CPU
		{917BD2D0-F422-4D0D-A3A9-B282A588715C}.Gen|x64.ActiveCfg = Gen|Any CPU
		{917BD2D0-F422-4D0D-A3A9-B282A588715C}.Gen|x64.Build.0 = Gen|Any CPU
		{917BD2D0-F422-4D0D-A3A9-B282A588715C}.Gen|x86.ActiveCfg = Gen|Any CPU
		{917BD2D0-F422-4D0D-A3A9-B282A588715C}.Gen|x86.Build.0 = Gen|Any CPU
		{917BD2D0-F422-4D0D-A3A9-B282A588715C}.Release|Any CPU.ActiveCfg = Release|Any CPU
		{917BD2D0-F422-4D0D-A3A9-B282A588715C}.Release|Any CPU.Build.0 = Release|Any CPU
		{917BD2D0-F422-4D0D-A3A9-B282A588715C}.Release|x64.ActiveCfg = Release|Any CPU
		{917BD2D0-F422-4D0D-A3A9-B282A588715C}.Release|x64.Build.0 = Release|Any CPU
		{917BD2D0-F422-4D0D-A3A9-B282A588715C}.Release|x86.ActiveCfg = Release|Any CPU
		{917BD2D0-F422-4D0D-A3A9-B282A588715C}.Release|x86.Build.0 = Release|Any CPU
		{D6448EA1-C1DB-4DF2-9454-36808848EB44}.Debug|Any CPU.ActiveCfg = Debug|Any CPU
		{D6448EA1-C1DB-4DF2-9454-36808848EB44}.Debug|Any CPU.Build.0 = Debug|Any CPU
		{D6448EA1-C1DB-4DF2-9454-36808848EB44}.Debug|x64.ActiveCfg = Debug|Any CPU
		{D6448EA1-C1DB-4DF2-9454-36808848EB44}.Debug|x64.Build.0 = Debug|Any CPU
		{D6448EA1-C1DB-4DF2-9454-36808848EB44}.Debug|x86.ActiveCfg = Debug|Any CPU
		{D6448EA1-C1DB-4DF2-9454-36808848EB44}.Debug|x86.Build.0 = Debug|Any CPU
		{D6448EA1-C1DB-4DF2-9454-36808848EB44}.Gen|Any CPU.ActiveCfg = Gen|Any CPU
		{D6448EA1-C1DB-4DF2-9454-36808848EB44}.Gen|x64.ActiveCfg = Gen|Any CPU
		{D6448EA1-C1DB-4DF2-9454-36808848EB44}.Gen|x64.Build.0 = Gen|Any CPU
		{D6448EA1-C1DB-4DF2-9454-36808848EB44}.Gen|x86.ActiveCfg = Gen|Any CPU
		{D6448EA1-C1DB-4DF2-9454-36808848EB44}.Gen|x86.Build.0 = Gen|Any CPU
		{D6448EA1-C1DB-4DF2-9454-36808848EB44}.Release|Any CPU.ActiveCfg = Release|Any CPU
		{D6448EA1-C1DB-4DF2-9454-36808848EB44}.Release|Any CPU.Build.0 = Release|Any CPU
		{D6448EA1-C1DB-4DF2-9454-36808848EB44}.Release|x64.ActiveCfg = Release|Any CPU
		{D6448EA1-C1DB-4DF2-9454-36808848EB44}.Release|x64.Build.0 = Release|Any CPU
		{D6448EA1-C1DB-4DF2-9454-36808848EB44}.Release|x86.ActiveCfg = Release|Any CPU
		{D6448EA1-C1DB-4DF2-9454-36808848EB44}.Release|x86.Build.0 = Release|Any CPU
		{464A93C1-99F2-4E6F-B893-3880445A69F2}.Debug|Any CPU.ActiveCfg = Debug|Any CPU
		{464A93C1-99F2-4E6F-B893-3880445A69F2}.Debug|Any CPU.Build.0 = Debug|Any CPU
		{464A93C1-99F2-4E6F-B893-3880445A69F2}.Debug|x64.ActiveCfg = Debug|Any CPU
		{464A93C1-99F2-4E6F-B893-3880445A69F2}.Debug|x64.Build.0 = Debug|Any CPU
		{464A93C1-99F2-4E6F-B893-3880445A69F2}.Debug|x86.ActiveCfg = Debug|Any CPU
		{464A93C1-99F2-4E6F-B893-3880445A69F2}.Debug|x86.Build.0 = Debug|Any CPU
		{464A93C1-99F2-4E6F-B893-3880445A69F2}.Gen|Any CPU.ActiveCfg = Gen|Any CPU
		{464A93C1-99F2-4E6F-B893-3880445A69F2}.Gen|x64.ActiveCfg = Gen|Any CPU
		{464A93C1-99F2-4E6F-B893-3880445A69F2}.Gen|x64.Build.0 = Gen|Any CPU
		{464A93C1-99F2-4E6F-B893-3880445A69F2}.Gen|x86.ActiveCfg = Gen|Any CPU
		{464A93C1-99F2-4E6F-B893-3880445A69F2}.Gen|x86.Build.0 = Gen|Any CPU
		{464A93C1-99F2-4E6F-B893-3880445A69F2}.Release|Any CPU.ActiveCfg = Release|Any CPU
		{464A93C1-99F2-4E6F-B893-3880445A69F2}.Release|Any CPU.Build.0 = Release|Any CPU
		{464A93C1-99F2-4E6F-B893-3880445A69F2}.Release|x64.ActiveCfg = Release|Any CPU
		{464A93C1-99F2-4E6F-B893-3880445A69F2}.Release|x64.Build.0 = Release|Any CPU
		{464A93C1-99F2-4E6F-B893-3880445A69F2}.Release|x86.ActiveCfg = Release|Any CPU
		{464A93C1-99F2-4E6F-B893-3880445A69F2}.Release|x86.Build.0 = Release|Any CPU
		{4EC5D1AE-77BA-4BD2-B6EF-41A6050C6455}.Debug|Any CPU.ActiveCfg = Debug|Any CPU
		{4EC5D1AE-77BA-4BD2-B6EF-41A6050C6455}.Debug|Any CPU.Build.0 = Debug|Any CPU
		{4EC5D1AE-77BA-4BD2-B6EF-41A6050C6455}.Debug|x64.ActiveCfg = Debug|Any CPU
		{4EC5D1AE-77BA-4BD2-B6EF-41A6050C6455}.Debug|x64.Build.0 = Debug|Any CPU
		{4EC5D1AE-77BA-4BD2-B6EF-41A6050C6455}.Debug|x86.ActiveCfg = Debug|Any CPU
		{4EC5D1AE-77BA-4BD2-B6EF-41A6050C6455}.Debug|x86.Build.0 = Debug|Any CPU
		{4EC5D1AE-77BA-4BD2-B6EF-41A6050C6455}.Gen|Any CPU.ActiveCfg = Gen|Any CPU
		{4EC5D1AE-77BA-4BD2-B6EF-41A6050C6455}.Gen|x64.ActiveCfg = Gen|Any CPU
		{4EC5D1AE-77BA-4BD2-B6EF-41A6050C6455}.Gen|x64.Build.0 = Gen|Any CPU
		{4EC5D1AE-77BA-4BD2-B6EF-41A6050C6455}.Gen|x86.ActiveCfg = Gen|Any CPU
		{4EC5D1AE-77BA-4BD2-B6EF-41A6050C6455}.Gen|x86.Build.0 = Gen|Any CPU
		{4EC5D1AE-77BA-4BD2-B6EF-41A6050C6455}.Release|Any CPU.ActiveCfg = Release|Any CPU
		{4EC5D1AE-77BA-4BD2-B6EF-41A6050C6455}.Release|Any CPU.Build.0 = Release|Any CPU
		{4EC5D1AE-77BA-4BD2-B6EF-41A6050C6455}.Release|x64.ActiveCfg = Release|Any CPU
		{4EC5D1AE-77BA-4BD2-B6EF-41A6050C6455}.Release|x64.Build.0 = Release|Any CPU
		{4EC5D1AE-77BA-4BD2-B6EF-41A6050C6455}.Release|x86.ActiveCfg = Release|Any CPU
		{4EC5D1AE-77BA-4BD2-B6EF-41A6050C6455}.Release|x86.Build.0 = Release|Any CPU
		{20701260-92EC-45EB-9741-D5DC1DFD9F3A}.Debug|Any CPU.ActiveCfg = Debug|Any CPU
		{20701260-92EC-45EB-9741-D5DC1DFD9F3A}.Debug|Any CPU.Build.0 = Debug|Any CPU
		{20701260-92EC-45EB-9741-D5DC1DFD9F3A}.Debug|x64.ActiveCfg = Debug|Any CPU
		{20701260-92EC-45EB-9741-D5DC1DFD9F3A}.Debug|x64.Build.0 = Debug|Any CPU
		{20701260-92EC-45EB-9741-D5DC1DFD9F3A}.Debug|x86.ActiveCfg = Debug|Any CPU
		{20701260-92EC-45EB-9741-D5DC1DFD9F3A}.Debug|x86.Build.0 = Debug|Any CPU
		{20701260-92EC-45EB-9741-D5DC1DFD9F3A}.Gen|Any CPU.ActiveCfg = Gen|Any CPU
		{20701260-92EC-45EB-9741-D5DC1DFD9F3A}.Gen|Any CPU.Build.0 = Gen|Any CPU
		{20701260-92EC-45EB-9741-D5DC1DFD9F3A}.Gen|x64.ActiveCfg = Gen|Any CPU
		{20701260-92EC-45EB-9741-D5DC1DFD9F3A}.Gen|x64.Build.0 = Gen|Any CPU
		{20701260-92EC-45EB-9741-D5DC1DFD9F3A}.Gen|x86.ActiveCfg = Gen|Any CPU
		{20701260-92EC-45EB-9741-D5DC1DFD9F3A}.Gen|x86.Build.0 = Gen|Any CPU
		{20701260-92EC-45EB-9741-D5DC1DFD9F3A}.Release|Any CPU.ActiveCfg = Release|Any CPU
		{20701260-92EC-45EB-9741-D5DC1DFD9F3A}.Release|Any CPU.Build.0 = Release|Any CPU
		{20701260-92EC-45EB-9741-D5DC1DFD9F3A}.Release|x64.ActiveCfg = Release|Any CPU
		{20701260-92EC-45EB-9741-D5DC1DFD9F3A}.Release|x64.Build.0 = Release|Any CPU
		{20701260-92EC-45EB-9741-D5DC1DFD9F3A}.Release|x86.ActiveCfg = Release|Any CPU
		{20701260-92EC-45EB-9741-D5DC1DFD9F3A}.Release|x86.Build.0 = Release|Any CPU
	EndGlobalSection
	GlobalSection(SolutionProperties) = preSolution
		HideSolutionNode = FALSE
	EndGlobalSection
	GlobalSection(NestedProjects) = preSolution
		{CB1F59CB-F586-48BF-9A51-F57F0C843331} = {45D90BEF-AE56-430E-9351-DFB7FFCBE717}
		{776E4A5C-9280-4139-BDC8-B6EF9F2E2FE7} = {BF7A8F35-38ED-48E8-8368-200E13753216}
		{E263A5DB-A3E6-46E0-AD1D-0B1D0FFB8F1B} = {BF7A8F35-38ED-48E8-8368-200E13753216}
		{03D1616D-3173-4BE9-9553-E0F193C92EBA} = {BF7A8F35-38ED-48E8-8368-200E13753216}
		{E28A0B42-B07C-4BA4-B37B-6D90F0A315C1} = {CB1F59CB-F586-48BF-9A51-F57F0C843331}
		{9BB95B24-CB2E-4B8D-900C-3A79F25E8653} = {E28A0B42-B07C-4BA4-B37B-6D90F0A315C1}
		{1DF56E5A-F3BD-40D6-A2FE-B53123DB1139} = {E28A0B42-B07C-4BA4-B37B-6D90F0A315C1}
		{6B71983F-EF79-4860-B015-97F05BFA39AE} = {CB1F59CB-F586-48BF-9A51-F57F0C843331}
		{DACA1C5B-1045-409E-BCE7-E596C0F3C1EB} = {CB1F59CB-F586-48BF-9A51-F57F0C843331}
		{C0B1523B-C34F-4B2F-BA4D-DF5DFDCE5F3B} = {CB1F59CB-F586-48BF-9A51-F57F0C843331}
		{A2E43C8C-C634-4CC6-B210-381AB33D6F14} = {CB1F59CB-F586-48BF-9A51-F57F0C843331}
		{917BD2D0-F422-4D0D-A3A9-B282A588715C} = {A2E43C8C-C634-4CC6-B210-381AB33D6F14}
		{D6448EA1-C1DB-4DF2-9454-36808848EB44} = {A2E43C8C-C634-4CC6-B210-381AB33D6F14}
		{464A93C1-99F2-4E6F-B893-3880445A69F2} = {2A577C3E-B32E-427B-9475-7F09E61B1644}
		{4EC5D1AE-77BA-4BD2-B6EF-41A6050C6455} = {2A577C3E-B32E-427B-9475-7F09E61B1644}
	EndGlobalSection
	GlobalSection(ExtensibilityGlobals) = postSolution
		SolutionGuid = {CF849979-7A01-419B-A9C7-8EA947DCD0C2}
	EndGlobalSection
EndGlobal
