
Microsoft Visual Studio Solution File, Format Version 12.00
# Visual Studio Version 17
VisualStudioVersion = 17.0.31903.59
MinimumVisualStudioVersion = 10.0.40219.1
Project("{2150E333-8FDC-42A3-9474-1A3956D46DE8}") = "Solution Items", "Solution Items", "{16E10BBC-8BCD-422B-8E3D-0C8D24BD4459}"
	ProjectSection(SolutionItems) = preProject
		.dockerignore = .dockerignore
		.editorconfig = .editorconfig
		.gitattributes = .gitattributes
		.gitignore = .gitignore
		Directory.Build.props = Directory.Build.props
		docs\README.md = docs\README.md
	EndProjectSection
EndProject
Project("{2150E333-8FDC-42A3-9474-1A3956D46DE8}") = "Adapters", "Adapters", "{45D90BEF-AE56-430E-9351-DFB7FFCBE717}"
EndProject
Project("{2150E333-8FDC-42A3-9474-1A3956D46DE8}") = "Store", "Store", "{CB1F59CB-F586-48BF-9A51-F57F0C843331}"
EndProject
Project("{2150E333-8FDC-42A3-9474-1A3956D46DE8}") = "Tests", "Tests", "{BF7A8F35-38ED-48E8-8368-200E13753216}"
EndProject
Project("{9A19103F-16F7-4668-BE54-9A1E7A4F7556}") = "EvDb.IntegrationTests", "Tests\EvDb.IntegrationTests\EvDb.IntegrationTests.csproj", "{776E4A5C-9280-4139-BDC8-B6EF9F2E2FE7}"
EndProject
Project("{9A19103F-16F7-4668-BE54-9A1E7A4F7556}") = "EvDb.UnitTests", "Tests\EvDb.UnitTests\EvDb.UnitTests.csproj", "{E263A5DB-A3E6-46E0-AD1D-0B1D0FFB8F1B}"
EndProject
Project("{9A19103F-16F7-4668-BE54-9A1E7A4F7556}") = "EvDb.Core", "EvDb.Core\EvDb.Core.csproj", "{114CFC3F-4798-4620-B9A2-F0DAA49E3609}"
EndProject
Project("{9A19103F-16F7-4668-BE54-9A1E7A4F7556}") = "EvDb.TestsHelper", "Tests\EvDb.TestsHelper\EvDb.TestsHelper.csproj", "{03D1616D-3173-4BE9-9553-E0F193C92EBA}"
EndProject
Project("{2150E333-8FDC-42A3-9474-1A3956D46DE8}") = "SqlServer", "SqlServer", "{E28A0B42-B07C-4BA4-B37B-6D90F0A315C1}"
EndProject
Project("{9A19103F-16F7-4668-BE54-9A1E7A4F7556}") = "EvDb.Adapters.Store.EvDbSqlServer", "Adapters\Store\SqlServer\EvDb.Adapters.Store.EvDbSqlServer\EvDb.Adapters.Store.EvDbSqlServer.csproj", "{9BB95B24-CB2E-4B8D-900C-3A79F25E8653}"
EndProject
Project("{9A19103F-16F7-4668-BE54-9A1E7A4F7556}") = "EvDb.Adapters.Store.EvDbSqlServerAdmin", "Adapters\Store\SqlServer\EvDb.Adapters.Store.EvDbSqlServerAdmin\EvDb.Adapters.Store.EvDbSqlServerAdmin.csproj", "{1DF56E5A-F3BD-40D6-A2FE-B53123DB1139}"
EndProject
Project("{9A19103F-16F7-4668-BE54-9A1E7A4F7556}") = "EvDb.Adapters.Store.EvDbRelational", "Adapters\Store\EvDb.Adapters.Store.EvDbRelational\EvDb.Adapters.Store.EvDbRelational.csproj", "{6B71983F-EF79-4860-B015-97F05BFA39AE}"
EndProject
Project("{9A19103F-16F7-4668-BE54-9A1E7A4F7556}") = "EvDb.Adapters.Store.EvDbRelationalCommon", "Adapters\Store\EvDb.Adapters.Store.EvDbRelationalCommon\EvDb.Adapters.Store.EvDbRelationalCommon.csproj", "{DACA1C5B-1045-409E-BCE7-E596C0F3C1EB}"
EndProject
Project("{9A19103F-16F7-4668-BE54-9A1E7A4F7556}") = "EvDb.Adapters.Store.EvDbRelationalAdmin", "Adapters\Store\EvDb.Adapters.Store.EvDbRelationalAdmin\EvDb.Adapters.Store.EvDbRelationalAdmin.csproj", "{C0B1523B-C34F-4B2F-BA4D-DF5DFDCE5F3B}"
EndProject
Project("{2150E333-8FDC-42A3-9474-1A3956D46DE8}") = "Samples", "Samples", "{2A577C3E-B32E-427B-9475-7F09E61B1644}"
EndProject
Project("{9A19103F-16F7-4668-BE54-9A1E7A4F7556}") = "EvDb.Samples.EvDbWebSample", "Samples\EvDb.Samples.EvDbWebSample\EvDb.Samples.EvDbWebSample.csproj", "{464A93C1-99F2-4E6F-B893-3880445A69F2}"
EndProject
Project("{9A19103F-16F7-4668-BE54-9A1E7A4F7556}") = "EvDb.Scenes", "Samples\EvDb.Scenes\EvDb.Scenes.csproj", "{4EC5D1AE-77BA-4BD2-B6EF-41A6050C6455}"
EndProject
Project("{9A19103F-16F7-4668-BE54-9A1E7A4F7556}") = "EvDb.SourceGenerator", "EvDb.SourceGenerator\EvDb.SourceGenerator.csproj", "{20701260-92EC-45EB-9741-D5DC1DFD9F3A}"
EndProject
Project("{9A19103F-16F7-4668-BE54-9A1E7A4F7556}") = "EvDb.Cli", "EvDb.Cli\EvDb.Cli.csproj", "{0B06CEE8-47B7-406C-B642-2FA3FF2A1B91}"
EndProject
Project("{2150E333-8FDC-42A3-9474-1A3956D46DE8}") = "Postgres", "Postgres", "{7668D896-E9AC-4FB4-AFA7-17D0CF610F92}"
EndProject
Project("{9A19103F-16F7-4668-BE54-9A1E7A4F7556}") = "EvDb.Adapters.Store.EvDbPostgres", "Adapters\Store\Postgres\EvDb.Adapters.Store.EvDbPostgres\EvDb.Adapters.Store.EvDbPostgres.csproj", "{AFC31723-FFEC-4C4F-AB65-21A2AF57BAC6}"
EndProject
Project("{9A19103F-16F7-4668-BE54-9A1E7A4F7556}") = "EvDb.Adapters.Store.EvDbPostgresAdmin", "Adapters\Store\Postgres\EvDb.Adapters.Store.EvDbPostgresAdmin\EvDb.Adapters.Store.EvDbPostgresAdmin.csproj", "{A8F18BE8-E86E-4CF4-922B-911D04D98FC2}"
EndProject
Project("{9A19103F-16F7-4668-BE54-9A1E7A4F7556}") = "EvDb.MinimalStructure", "Samples\EvDb.MinimalStructure\EvDb.MinimalStructure.csproj", "{78291F2D-D5A4-40FE-9212-D23594D23FA8}"
EndProject
Project("{9A19103F-16F7-4668-BE54-9A1E7A4F7556}") = "EvDb.StressTestsConsole", "Tests\EvDb.StressTestsConsole\EvDb.StressTestsConsole.csproj", "{1DBA4032-0E71-469C-87ED-79F6E8C2E857}"
EndProject
Project("{9A19103F-16F7-4668-BE54-9A1E7A4F7556}") = "EvDb.StressTestsWebApi", "Tests\EvDb.StressTestsWebApi\EvDb.StressTestsWebApi.csproj", "{DA0D9F51-C4D8-42FA-943D-F2AECD9EF6C9}"
EndProject
Project("{2150E333-8FDC-42A3-9474-1A3956D46DE8}") = "docker", "docker", "{470EB5B5-2EA7-402F-BD7F-A9A49911C29E}"
EndProject
Project("{2150E333-8FDC-42A3-9474-1A3956D46DE8}") = "DBs", "DBs", "{2892D150-8922-4CDE-AD60-0B3C99654CC7}"
	ProjectSection(SolutionItems) = preProject
		docker\DBs\compose.yaml = docker\DBs\compose.yaml
		docker\DBs\ReadMe.md = docker\DBs\ReadMe.md
	EndProjectSection
EndProject
Project("{2150E333-8FDC-42A3-9474-1A3956D46DE8}") = "OTEL", "OTEL", "{7E9C34E5-99E4-48AC-A194-3529C4CC5DEA}"
	ProjectSection(SolutionItems) = preProject
		docker\OTEL\compose.yaml = docker\OTEL\compose.yaml
		docker\OTEL\README.md = docker\OTEL\README.md
	EndProjectSection
EndProject
Project("{2150E333-8FDC-42A3-9474-1A3956D46DE8}") = "grafana", "grafana", "{EC2EBB46-2708-405E-918D-2A3085927FB2}"
	ProjectSection(SolutionItems) = preProject
		docker\OTEL\grafana\dashboard.yaml = docker\OTEL\grafana\dashboard.yaml
		docker\OTEL\grafana\datasource.yml = docker\OTEL\grafana\datasource.yml
	EndProjectSection
EndProject
Project("{2150E333-8FDC-42A3-9474-1A3956D46DE8}") = "dashboards", "dashboards", "{56669579-6070-4C54-8BA8-C238B67131C7}"
EndProject
Project("{2150E333-8FDC-42A3-9474-1A3956D46DE8}") = "EvDb", "EvDb", "{F898B3E3-4382-4BBE-9FAA-2A9B5B9ECFEB}"
	ProjectSection(SolutionItems) = preProject
		docker\OTEL\grafana\dashboards\EvDb\EvDb-dashboard.json = docker\OTEL\grafana\dashboards\EvDb\EvDb-dashboard.json
	EndProjectSection
EndProject
Project("{2150E333-8FDC-42A3-9474-1A3956D46DE8}") = "StructuresValidation", "StructuresValidation", "{4D9BC5CF-DAE6-4001-8A1C-4D517718CEC4}"
EndProject
Project("{9A19103F-16F7-4668-BE54-9A1E7A4F7556}") = "EvDb.StructuresValidation.Abstractions", "Tests\StructuresValidation\EvDb.StructuresValidation.Abstractions\EvDb.StructuresValidation.Abstractions.csproj", "{F67AC4F3-C512-48FE-8653-7CB56EC67299}"
EndProject
Project("{9A19103F-16F7-4668-BE54-9A1E7A4F7556}") = "EvDb.StructuresValidation.Repositories", "Tests\StructuresValidation\EvDb.StructuresValidation.Repositories\EvDb.StructuresValidation.Repositories.csproj", "{DC6328A3-6F7F-45C5-92E8-244BA2C59553}"
EndProject
Project("{9A19103F-16F7-4668-BE54-9A1E7A4F7556}") = "EvDb.StructuresValidation.Services", "Tests\StructuresValidation\EvDb.StructuresValidation.Services\EvDb.StructuresValidation.Services.csproj", "{F25233E5-E086-4661-89F2-274469EC3035}"
EndProject
Project("{9A19103F-16F7-4668-BE54-9A1E7A4F7556}") = "EvDb.StructuresValidation.WebApi", "Tests\StructuresValidation\EvDb.StructuresValidation.WebApi\EvDb.StructuresValidation.WebApi.csproj", "{F8A9C3DC-38A6-4E4F-A253-2C08278FFFB8}"
EndProject
Project("{2150E333-8FDC-42A3-9474-1A3956D46DE8}") = "Packaging", "Packaging", "{E32ECE21-9483-4D63-88F2-94F81D02989E}"
EndProject
Project("{2150E333-8FDC-42A3-9474-1A3956D46DE8}") = "Analyzers", "Analyzers", "{E73AE862-1C51-4558-BBCA-BA1A85501519}"
EndProject
Project("{9A19103F-16F7-4668-BE54-9A1E7A4F7556}") = "EvDb.Core.CodeFixes", "StaticAnalysis\EvDb.Core.CodeFixes\EvDb.Core.CodeFixes.csproj", "{9EAD706A-80A4-418C-9B7E-C4EDDC49663C}"
EndProject
Project("{9A19103F-16F7-4668-BE54-9A1E7A4F7556}") = "EvDb.Core.Analyzer", "StaticAnalysis\EvDb.Core.Analyzer\EvDb.Core.Analyzer.csproj", "{F8CDE68E-4834-439E-93A7-A5C00F26E418}"
EndProject
Project("{9A19103F-16F7-4668-BE54-9A1E7A4F7556}") = "EvDb.Core.Analyzer.Package", "Packaging\EvDb.Core.Analyzer.Package\EvDb.Core.Analyzer.Package.csproj", "{4591D842-8015-4B19-8397-308173041301}"
EndProject
Project("{2150E333-8FDC-42A3-9474-1A3956D46DE8}") = "MongoDB", "MongoDB", "{ADBEFB59-3750-4AFB-8ABC-320B37C183D8}"
EndProject
Project("{FAE04EC0-301F-11D3-BF4B-00C04F79EFBC}") = "EvDb.Adapters.Store.EvDbMongoDB", "Adapters\Store\MongoDB\EvDb.Adapters.Store.EvDbMongoDB\EvDb.Adapters.Store.EvDbMongoDB.csproj", "{90BA5F8B-4BC3-407F-967D-846DD96E79FD}"
EndProject
Project("{FAE04EC0-301F-11D3-BF4B-00C04F79EFBC}") = "EvDb.Adapters.Store.Abstractions", "Adapters\Store\EvDb.Adapters.Store.Abstractions\EvDb.Adapters.Store.Abstractions.csproj", "{5749AA93-08CE-44F4-B8EB-AA4DA7D84359}"
EndProject
Project("{2150E333-8FDC-42A3-9474-1A3956D46DE8}") = "Benchmarks", "Benchmarks", "{02EA681E-C7D8-13C7-8484-4AC65E1B71E8}"
EndProject
Project("{FAE04EC0-301F-11D3-BF4B-00C04F79EFBC}") = "MongoDbPaternsBenchmark", "Benchmarks\MongoDbPaternsBenchmark\MongoDbPaternsBenchmark.csproj", "{0883AA8B-1B5A-448B-9CAB-06DA451967DA}"
EndProject
Project("{FAE04EC0-301F-11D3-BF4B-00C04F79EFBC}") = "EvDb.Adapters.Store.EvDbMongoDBAdmin", "Adapters\Store\MongoDB\EvDb.Adapters.Store.EvDbMongoDBAdmin\EvDb.Adapters.Store.EvDbMongoDBAdmin.csproj", "{E9A6631E-835B-89EA-1E3B-3742EA968677}"
EndProject
Project("{FAE04EC0-301F-11D3-BF4B-00C04F79EFBC}") = "EvDb.Abstractions", "EvDb.Abstractions\EvDb.Abstractions.csproj", "{651ADBF2-F4C1-48B5-BD6D-1E7A44C543D8}"
EndProject
Project("{2150E333-8FDC-42A3-9474-1A3956D46DE8}") = "Testing", "Testing", "{C8A9FAA5-6742-4837-B587-5CCFA102F45F}"
EndProject
Project("{FAE04EC0-301F-11D3-BF4B-00C04F79EFBC}") = "EvDb.Adapters.Store.EvDbTesting", "Adapters\Store\Testing\EvDb.Adapters.Store.EvDbTesting\EvDb.Adapters.Store.EvDbTesting.csproj", "{8D92BC21-8FC6-2997-95C5-86CC54D90CE9}"
EndProject
Project("{2150E333-8FDC-42A3-9474-1A3956D46DE8}") = ".github", ".github", "{33857C97-409B-4B7B-B3A6-F3404AD39410}"
	ProjectSection(SolutionItems) = preProject
		.github\workflows\pages.yml = .github\workflows\pages.yml
		.github\workflows\dotnet-tests.yml = .github\workflows\dotnet-tests.yml
		.github\workflows\dotnet-version-deployment.yml = .github\workflows\dotnet-version-deployment.yml
	EndProjectSection
EndProject
Project("{2150E333-8FDC-42A3-9474-1A3956D46DE8}") = "Sinks", "Sinks", "{7F718183-E2B2-41F6-89CE-0C8FEBCFEDC6}"
EndProject
Project("{2150E333-8FDC-42A3-9474-1A3956D46DE8}") = "AWS", "AWS", "{6C81E6A0-E89E-4717-806B-17110A043E3F}"
EndProject
Project("{FAE04EC0-301F-11D3-BF4B-00C04F79EFBC}") = "EvDb.Sinks.Abstractions", "Sinks\EvDb.Sinks.Abstractions\EvDb.Sinks.Abstractions.csproj", "{0E8351E2-0994-4FCF-9EF3-07E12E48E12B}"
EndProject
Project("{FAE04EC0-301F-11D3-BF4B-00C04F79EFBC}") = "EvDb.Sinks.EvDbSinkSQS", "Sinks\AWS\EvDb.Sinks.EvDbSinkSQS\EvDb.Sinks.EvDbSinkSQS.csproj", "{7D50CCB6-E864-4DCF-AE1C-40840BD9311B}"
EndProject
Project("{FAE04EC0-301F-11D3-BF4B-00C04F79EFBC}") = "EvDb.Sinks.EvDbSinkSNS", "Sinks\AWS\EvDb.Sinks.EvDbSinkSNS\EvDb.Sinks.EvDbSinkSNS.csproj", "{2ED8E4A9-46D8-48D3-9F03-DFEA967A53D9}"
EndProject
Project("{FAE04EC0-301F-11D3-BF4B-00C04F79EFBC}") = "EvDb.Sinks.AwsAdmin", "Sinks\AWS\EvDb.Sinks.AwsAdmin\EvDb.Sinks.AwsAdmin.csproj", "{D59D35F3-578A-46E6-8B34-6AD37B144951}"
EndProject
Project("{FAE04EC0-301F-11D3-BF4B-00C04F79EFBC}") = "EvDb.Sinks.Processing", "Sinks\EvDb.Sinks.Processing\EvDb.Sinks.Processing.csproj", "{EA1414F0-0787-45FB-B133-29095A0A32F9}"
EndProject
Project("{2150E333-8FDC-42A3-9474-1A3956D46DE8}") = "localstack", "localstack", "{10098330-4E08-435A-BEEF-8F9CBA5B4115}"
	ProjectSection(SolutionItems) = preProject
		docker\localstack\docker-compose.yml = docker\localstack\docker-compose.yml
		docker\localstack\init-aws.sh = docker\localstack\init-aws.sh
	EndProjectSection
EndProject
Project("{FAE04EC0-301F-11D3-BF4B-00C04F79EFBC}") = "EvDb.DemoWebApi", "Tests\EvDb.DemoWebApi\EvDb.DemoWebApi.csproj", "{09455244-D560-3B9B-0304-08F3F3006654}"
EndProject
Project("{FAE04EC0-301F-11D3-BF4B-00C04F79EFBC}") = "EvDb.Sinks.EvDbSinkMassTransit", "Sinks\EvDb.Sinks.EvDbSinkMassTransit\EvDb.Sinks.EvDbSinkMassTransit.csproj", "{2583BC91-84BA-443D-9694-D2243E179F7D}"
EndProject
Project("{2150E333-8FDC-42A3-9474-1A3956D46DE8}") = "Extensions", "Extensions", "{D296B7BF-7277-4029-A22E-EE13031479E7}"
EndProject
Project("{2150E333-8FDC-42A3-9474-1A3956D46DE8}") = "Kafka", "Kafka", "{EA35924D-FC67-4B5B-8468-1846F199E115}"
EndProject
Project("{FAE04EC0-301F-11D3-BF4B-00C04F79EFBC}") = "EvDb.Sinks.EvDbSinkKafka", "Sinks\Kafka\EvDb.Sinks.EvDbSinkKafka\EvDb.Sinks.EvDbSinkKafka.csproj", "{5DB88505-12C3-473A-93A9-72BB58A800A2}"
EndProject
Project("{2150E333-8FDC-42A3-9474-1A3956D46DE8}") = "WebApis", "WebApis", "{B1A26EB1-30D2-4072-ACEE-0F23B71D23D1}"
EndProject
Project("{2150E333-8FDC-42A3-9474-1A3956D46DE8}") = "Kafka", "Kafka", "{04E686C1-DFA8-492A-9545-D12F817A3042}"
EndProject
Project("{2150E333-8FDC-42A3-9474-1A3956D46DE8}") = "kafka-all-in-one-community", "kafka-all-in-one-community", "{D1B3888A-65CD-4370-BC8D-25B6C190F62B}"
	ProjectSection(SolutionItems) = preProject
		docker\Kafka\kafka-all-in-one-community\Compose.yml = docker\Kafka\kafka-all-in-one-community\Compose.yml
	EndProjectSection
EndProject
Project("{2150E333-8FDC-42A3-9474-1A3956D46DE8}") = "kafka-connect-loaclstack", "kafka-connect-loaclstack", "{2D20C491-C7CA-4489-8BD0-D8301AD373FA}"
	ProjectSection(SolutionItems) = preProject
		docker\kafka-connect-loaclstack\Compose.yml = docker\kafka-connect-loaclstack\Compose.yml
		docker\kafka-connect-loaclstack\prometheus.yml = docker\kafka-connect-loaclstack\prometheus.yml
	EndProjectSection
EndProject
Global
	GlobalSection(SolutionConfigurationPlatforms) = preSolution
		Debug|Any CPU = Debug|Any CPU
		Debug|x64 = Debug|x64
		Debug|x86 = Debug|x86
		Gen|Any CPU = Gen|Any CPU
		Gen|x64 = Gen|x64
		Gen|x86 = Gen|x86
		Release|Any CPU = Release|Any CPU
		Release|x64 = Release|x64
		Release|x86 = Release|x86
	EndGlobalSection
	GlobalSection(ProjectConfigurationPlatforms) = postSolution
		{776E4A5C-9280-4139-BDC8-B6EF9F2E2FE7}.Debug|Any CPU.ActiveCfg = Debug|Any CPU
		{776E4A5C-9280-4139-BDC8-B6EF9F2E2FE7}.Debug|Any CPU.Build.0 = Debug|Any CPU
		{776E4A5C-9280-4139-BDC8-B6EF9F2E2FE7}.Debug|x64.ActiveCfg = Debug|Any CPU
		{776E4A5C-9280-4139-BDC8-B6EF9F2E2FE7}.Debug|x64.Build.0 = Debug|Any CPU
		{776E4A5C-9280-4139-BDC8-B6EF9F2E2FE7}.Debug|x86.ActiveCfg = Debug|Any CPU
		{776E4A5C-9280-4139-BDC8-B6EF9F2E2FE7}.Debug|x86.Build.0 = Debug|Any CPU
		{776E4A5C-9280-4139-BDC8-B6EF9F2E2FE7}.Gen|Any CPU.ActiveCfg = Gen|Any CPU
		{776E4A5C-9280-4139-BDC8-B6EF9F2E2FE7}.Gen|Any CPU.Build.0 = Gen|Any CPU
		{776E4A5C-9280-4139-BDC8-B6EF9F2E2FE7}.Gen|x64.ActiveCfg = Gen|Any CPU
		{776E4A5C-9280-4139-BDC8-B6EF9F2E2FE7}.Gen|x64.Build.0 = Gen|Any CPU
		{776E4A5C-9280-4139-BDC8-B6EF9F2E2FE7}.Gen|x86.ActiveCfg = Gen|Any CPU
		{776E4A5C-9280-4139-BDC8-B6EF9F2E2FE7}.Gen|x86.Build.0 = Gen|Any CPU
		{776E4A5C-9280-4139-BDC8-B6EF9F2E2FE7}.Release|Any CPU.ActiveCfg = Release|Any CPU
		{776E4A5C-9280-4139-BDC8-B6EF9F2E2FE7}.Release|Any CPU.Build.0 = Release|Any CPU
		{776E4A5C-9280-4139-BDC8-B6EF9F2E2FE7}.Release|x64.ActiveCfg = Release|Any CPU
		{776E4A5C-9280-4139-BDC8-B6EF9F2E2FE7}.Release|x64.Build.0 = Release|Any CPU
		{776E4A5C-9280-4139-BDC8-B6EF9F2E2FE7}.Release|x86.ActiveCfg = Release|Any CPU
		{776E4A5C-9280-4139-BDC8-B6EF9F2E2FE7}.Release|x86.Build.0 = Release|Any CPU
		{E263A5DB-A3E6-46E0-AD1D-0B1D0FFB8F1B}.Debug|Any CPU.ActiveCfg = Debug|Any CPU
		{E263A5DB-A3E6-46E0-AD1D-0B1D0FFB8F1B}.Debug|Any CPU.Build.0 = Debug|Any CPU
		{E263A5DB-A3E6-46E0-AD1D-0B1D0FFB8F1B}.Debug|x64.ActiveCfg = Debug|Any CPU
		{E263A5DB-A3E6-46E0-AD1D-0B1D0FFB8F1B}.Debug|x64.Build.0 = Debug|Any CPU
		{E263A5DB-A3E6-46E0-AD1D-0B1D0FFB8F1B}.Debug|x86.ActiveCfg = Debug|Any CPU
		{E263A5DB-A3E6-46E0-AD1D-0B1D0FFB8F1B}.Debug|x86.Build.0 = Debug|Any CPU
		{E263A5DB-A3E6-46E0-AD1D-0B1D0FFB8F1B}.Gen|Any CPU.ActiveCfg = Gen|Any CPU
		{E263A5DB-A3E6-46E0-AD1D-0B1D0FFB8F1B}.Gen|Any CPU.Build.0 = Gen|Any CPU
		{E263A5DB-A3E6-46E0-AD1D-0B1D0FFB8F1B}.Gen|x64.ActiveCfg = Gen|Any CPU
		{E263A5DB-A3E6-46E0-AD1D-0B1D0FFB8F1B}.Gen|x64.Build.0 = Gen|Any CPU
		{E263A5DB-A3E6-46E0-AD1D-0B1D0FFB8F1B}.Gen|x86.ActiveCfg = Gen|Any CPU
		{E263A5DB-A3E6-46E0-AD1D-0B1D0FFB8F1B}.Gen|x86.Build.0 = Gen|Any CPU
		{E263A5DB-A3E6-46E0-AD1D-0B1D0FFB8F1B}.Release|Any CPU.ActiveCfg = Release|Any CPU
		{E263A5DB-A3E6-46E0-AD1D-0B1D0FFB8F1B}.Release|Any CPU.Build.0 = Release|Any CPU
		{E263A5DB-A3E6-46E0-AD1D-0B1D0FFB8F1B}.Release|x64.ActiveCfg = Release|Any CPU
		{E263A5DB-A3E6-46E0-AD1D-0B1D0FFB8F1B}.Release|x64.Build.0 = Release|Any CPU
		{E263A5DB-A3E6-46E0-AD1D-0B1D0FFB8F1B}.Release|x86.ActiveCfg = Release|Any CPU
		{E263A5DB-A3E6-46E0-AD1D-0B1D0FFB8F1B}.Release|x86.Build.0 = Release|Any CPU
		{114CFC3F-4798-4620-B9A2-F0DAA49E3609}.Debug|Any CPU.ActiveCfg = Debug|Any CPU
		{114CFC3F-4798-4620-B9A2-F0DAA49E3609}.Debug|Any CPU.Build.0 = Debug|Any CPU
		{114CFC3F-4798-4620-B9A2-F0DAA49E3609}.Debug|x64.ActiveCfg = Debug|Any CPU
		{114CFC3F-4798-4620-B9A2-F0DAA49E3609}.Debug|x64.Build.0 = Debug|Any CPU
		{114CFC3F-4798-4620-B9A2-F0DAA49E3609}.Debug|x86.ActiveCfg = Debug|Any CPU
		{114CFC3F-4798-4620-B9A2-F0DAA49E3609}.Debug|x86.Build.0 = Debug|Any CPU
		{114CFC3F-4798-4620-B9A2-F0DAA49E3609}.Gen|Any CPU.ActiveCfg = Gen|Any CPU
		{114CFC3F-4798-4620-B9A2-F0DAA49E3609}.Gen|Any CPU.Build.0 = Gen|Any CPU
		{114CFC3F-4798-4620-B9A2-F0DAA49E3609}.Gen|x64.ActiveCfg = Gen|Any CPU
		{114CFC3F-4798-4620-B9A2-F0DAA49E3609}.Gen|x64.Build.0 = Gen|Any CPU
		{114CFC3F-4798-4620-B9A2-F0DAA49E3609}.Gen|x86.ActiveCfg = Gen|Any CPU
		{114CFC3F-4798-4620-B9A2-F0DAA49E3609}.Gen|x86.Build.0 = Gen|Any CPU
		{114CFC3F-4798-4620-B9A2-F0DAA49E3609}.Release|Any CPU.ActiveCfg = Release|Any CPU
		{114CFC3F-4798-4620-B9A2-F0DAA49E3609}.Release|Any CPU.Build.0 = Release|Any CPU
		{114CFC3F-4798-4620-B9A2-F0DAA49E3609}.Release|x64.ActiveCfg = Release|Any CPU
		{114CFC3F-4798-4620-B9A2-F0DAA49E3609}.Release|x64.Build.0 = Release|Any CPU
		{114CFC3F-4798-4620-B9A2-F0DAA49E3609}.Release|x86.ActiveCfg = Release|Any CPU
		{114CFC3F-4798-4620-B9A2-F0DAA49E3609}.Release|x86.Build.0 = Release|Any CPU
		{03D1616D-3173-4BE9-9553-E0F193C92EBA}.Debug|Any CPU.ActiveCfg = Debug|Any CPU
		{03D1616D-3173-4BE9-9553-E0F193C92EBA}.Debug|Any CPU.Build.0 = Debug|Any CPU
		{03D1616D-3173-4BE9-9553-E0F193C92EBA}.Debug|x64.ActiveCfg = Debug|Any CPU
		{03D1616D-3173-4BE9-9553-E0F193C92EBA}.Debug|x64.Build.0 = Debug|Any CPU
		{03D1616D-3173-4BE9-9553-E0F193C92EBA}.Debug|x86.ActiveCfg = Debug|Any CPU
		{03D1616D-3173-4BE9-9553-E0F193C92EBA}.Debug|x86.Build.0 = Debug|Any CPU
		{03D1616D-3173-4BE9-9553-E0F193C92EBA}.Gen|Any CPU.ActiveCfg = Gen|Any CPU
		{03D1616D-3173-4BE9-9553-E0F193C92EBA}.Gen|Any CPU.Build.0 = Gen|Any CPU
		{03D1616D-3173-4BE9-9553-E0F193C92EBA}.Gen|x64.ActiveCfg = Gen|Any CPU
		{03D1616D-3173-4BE9-9553-E0F193C92EBA}.Gen|x64.Build.0 = Gen|Any CPU
		{03D1616D-3173-4BE9-9553-E0F193C92EBA}.Gen|x86.ActiveCfg = Gen|Any CPU
		{03D1616D-3173-4BE9-9553-E0F193C92EBA}.Gen|x86.Build.0 = Gen|Any CPU
		{03D1616D-3173-4BE9-9553-E0F193C92EBA}.Release|Any CPU.ActiveCfg = Release|Any CPU
		{03D1616D-3173-4BE9-9553-E0F193C92EBA}.Release|Any CPU.Build.0 = Release|Any CPU
		{03D1616D-3173-4BE9-9553-E0F193C92EBA}.Release|x64.ActiveCfg = Release|Any CPU
		{03D1616D-3173-4BE9-9553-E0F193C92EBA}.Release|x64.Build.0 = Release|Any CPU
		{03D1616D-3173-4BE9-9553-E0F193C92EBA}.Release|x86.ActiveCfg = Release|Any CPU
		{03D1616D-3173-4BE9-9553-E0F193C92EBA}.Release|x86.Build.0 = Release|Any CPU
		{9BB95B24-CB2E-4B8D-900C-3A79F25E8653}.Debug|Any CPU.ActiveCfg = Debug|Any CPU
		{9BB95B24-CB2E-4B8D-900C-3A79F25E8653}.Debug|Any CPU.Build.0 = Debug|Any CPU
		{9BB95B24-CB2E-4B8D-900C-3A79F25E8653}.Debug|x64.ActiveCfg = Debug|Any CPU
		{9BB95B24-CB2E-4B8D-900C-3A79F25E8653}.Debug|x64.Build.0 = Debug|Any CPU
		{9BB95B24-CB2E-4B8D-900C-3A79F25E8653}.Debug|x86.ActiveCfg = Debug|Any CPU
		{9BB95B24-CB2E-4B8D-900C-3A79F25E8653}.Debug|x86.Build.0 = Debug|Any CPU
		{9BB95B24-CB2E-4B8D-900C-3A79F25E8653}.Gen|Any CPU.ActiveCfg = Gen|Any CPU
		{9BB95B24-CB2E-4B8D-900C-3A79F25E8653}.Gen|Any CPU.Build.0 = Gen|Any CPU
		{9BB95B24-CB2E-4B8D-900C-3A79F25E8653}.Gen|x64.ActiveCfg = Gen|Any CPU
		{9BB95B24-CB2E-4B8D-900C-3A79F25E8653}.Gen|x64.Build.0 = Gen|Any CPU
		{9BB95B24-CB2E-4B8D-900C-3A79F25E8653}.Gen|x86.ActiveCfg = Gen|Any CPU
		{9BB95B24-CB2E-4B8D-900C-3A79F25E8653}.Gen|x86.Build.0 = Gen|Any CPU
		{9BB95B24-CB2E-4B8D-900C-3A79F25E8653}.Release|Any CPU.ActiveCfg = Release|Any CPU
		{9BB95B24-CB2E-4B8D-900C-3A79F25E8653}.Release|Any CPU.Build.0 = Release|Any CPU
		{9BB95B24-CB2E-4B8D-900C-3A79F25E8653}.Release|x64.ActiveCfg = Release|Any CPU
		{9BB95B24-CB2E-4B8D-900C-3A79F25E8653}.Release|x64.Build.0 = Release|Any CPU
		{9BB95B24-CB2E-4B8D-900C-3A79F25E8653}.Release|x86.ActiveCfg = Release|Any CPU
		{9BB95B24-CB2E-4B8D-900C-3A79F25E8653}.Release|x86.Build.0 = Release|Any CPU
		{1DF56E5A-F3BD-40D6-A2FE-B53123DB1139}.Debug|Any CPU.ActiveCfg = Debug|Any CPU
		{1DF56E5A-F3BD-40D6-A2FE-B53123DB1139}.Debug|Any CPU.Build.0 = Debug|Any CPU
		{1DF56E5A-F3BD-40D6-A2FE-B53123DB1139}.Debug|x64.ActiveCfg = Debug|Any CPU
		{1DF56E5A-F3BD-40D6-A2FE-B53123DB1139}.Debug|x64.Build.0 = Debug|Any CPU
		{1DF56E5A-F3BD-40D6-A2FE-B53123DB1139}.Debug|x86.ActiveCfg = Debug|Any CPU
		{1DF56E5A-F3BD-40D6-A2FE-B53123DB1139}.Debug|x86.Build.0 = Debug|Any CPU
		{1DF56E5A-F3BD-40D6-A2FE-B53123DB1139}.Gen|Any CPU.ActiveCfg = Gen|Any CPU
		{1DF56E5A-F3BD-40D6-A2FE-B53123DB1139}.Gen|Any CPU.Build.0 = Gen|Any CPU
		{1DF56E5A-F3BD-40D6-A2FE-B53123DB1139}.Gen|x64.ActiveCfg = Gen|Any CPU
		{1DF56E5A-F3BD-40D6-A2FE-B53123DB1139}.Gen|x64.Build.0 = Gen|Any CPU
		{1DF56E5A-F3BD-40D6-A2FE-B53123DB1139}.Gen|x86.ActiveCfg = Gen|Any CPU
		{1DF56E5A-F3BD-40D6-A2FE-B53123DB1139}.Gen|x86.Build.0 = Gen|Any CPU
		{1DF56E5A-F3BD-40D6-A2FE-B53123DB1139}.Release|Any CPU.ActiveCfg = Release|Any CPU
		{1DF56E5A-F3BD-40D6-A2FE-B53123DB1139}.Release|Any CPU.Build.0 = Release|Any CPU
		{1DF56E5A-F3BD-40D6-A2FE-B53123DB1139}.Release|x64.ActiveCfg = Release|Any CPU
		{1DF56E5A-F3BD-40D6-A2FE-B53123DB1139}.Release|x64.Build.0 = Release|Any CPU
		{1DF56E5A-F3BD-40D6-A2FE-B53123DB1139}.Release|x86.ActiveCfg = Release|Any CPU
		{1DF56E5A-F3BD-40D6-A2FE-B53123DB1139}.Release|x86.Build.0 = Release|Any CPU
		{6B71983F-EF79-4860-B015-97F05BFA39AE}.Debug|Any CPU.ActiveCfg = Debug|Any CPU
		{6B71983F-EF79-4860-B015-97F05BFA39AE}.Debug|Any CPU.Build.0 = Debug|Any CPU
		{6B71983F-EF79-4860-B015-97F05BFA39AE}.Debug|x64.ActiveCfg = Debug|Any CPU
		{6B71983F-EF79-4860-B015-97F05BFA39AE}.Debug|x64.Build.0 = Debug|Any CPU
		{6B71983F-EF79-4860-B015-97F05BFA39AE}.Debug|x86.ActiveCfg = Debug|Any CPU
		{6B71983F-EF79-4860-B015-97F05BFA39AE}.Debug|x86.Build.0 = Debug|Any CPU
		{6B71983F-EF79-4860-B015-97F05BFA39AE}.Gen|Any CPU.ActiveCfg = Gen|Any CPU
		{6B71983F-EF79-4860-B015-97F05BFA39AE}.Gen|Any CPU.Build.0 = Gen|Any CPU
		{6B71983F-EF79-4860-B015-97F05BFA39AE}.Gen|x64.ActiveCfg = Gen|Any CPU
		{6B71983F-EF79-4860-B015-97F05BFA39AE}.Gen|x64.Build.0 = Gen|Any CPU
		{6B71983F-EF79-4860-B015-97F05BFA39AE}.Gen|x86.ActiveCfg = Gen|Any CPU
		{6B71983F-EF79-4860-B015-97F05BFA39AE}.Gen|x86.Build.0 = Gen|Any CPU
		{6B71983F-EF79-4860-B015-97F05BFA39AE}.Release|Any CPU.ActiveCfg = Release|Any CPU
		{6B71983F-EF79-4860-B015-97F05BFA39AE}.Release|Any CPU.Build.0 = Release|Any CPU
		{6B71983F-EF79-4860-B015-97F05BFA39AE}.Release|x64.ActiveCfg = Release|Any CPU
		{6B71983F-EF79-4860-B015-97F05BFA39AE}.Release|x64.Build.0 = Release|Any CPU
		{6B71983F-EF79-4860-B015-97F05BFA39AE}.Release|x86.ActiveCfg = Release|Any CPU
		{6B71983F-EF79-4860-B015-97F05BFA39AE}.Release|x86.Build.0 = Release|Any CPU
		{DACA1C5B-1045-409E-BCE7-E596C0F3C1EB}.Debug|Any CPU.ActiveCfg = Debug|Any CPU
		{DACA1C5B-1045-409E-BCE7-E596C0F3C1EB}.Debug|Any CPU.Build.0 = Debug|Any CPU
		{DACA1C5B-1045-409E-BCE7-E596C0F3C1EB}.Debug|x64.ActiveCfg = Debug|Any CPU
		{DACA1C5B-1045-409E-BCE7-E596C0F3C1EB}.Debug|x64.Build.0 = Debug|Any CPU
		{DACA1C5B-1045-409E-BCE7-E596C0F3C1EB}.Debug|x86.ActiveCfg = Debug|Any CPU
		{DACA1C5B-1045-409E-BCE7-E596C0F3C1EB}.Debug|x86.Build.0 = Debug|Any CPU
		{DACA1C5B-1045-409E-BCE7-E596C0F3C1EB}.Gen|Any CPU.ActiveCfg = Gen|Any CPU
		{DACA1C5B-1045-409E-BCE7-E596C0F3C1EB}.Gen|Any CPU.Build.0 = Gen|Any CPU
		{DACA1C5B-1045-409E-BCE7-E596C0F3C1EB}.Gen|x64.ActiveCfg = Gen|Any CPU
		{DACA1C5B-1045-409E-BCE7-E596C0F3C1EB}.Gen|x64.Build.0 = Gen|Any CPU
		{DACA1C5B-1045-409E-BCE7-E596C0F3C1EB}.Gen|x86.ActiveCfg = Gen|Any CPU
		{DACA1C5B-1045-409E-BCE7-E596C0F3C1EB}.Gen|x86.Build.0 = Gen|Any CPU
		{DACA1C5B-1045-409E-BCE7-E596C0F3C1EB}.Release|Any CPU.ActiveCfg = Release|Any CPU
		{DACA1C5B-1045-409E-BCE7-E596C0F3C1EB}.Release|Any CPU.Build.0 = Release|Any CPU
		{DACA1C5B-1045-409E-BCE7-E596C0F3C1EB}.Release|x64.ActiveCfg = Release|Any CPU
		{DACA1C5B-1045-409E-BCE7-E596C0F3C1EB}.Release|x64.Build.0 = Release|Any CPU
		{DACA1C5B-1045-409E-BCE7-E596C0F3C1EB}.Release|x86.ActiveCfg = Release|Any CPU
		{DACA1C5B-1045-409E-BCE7-E596C0F3C1EB}.Release|x86.Build.0 = Release|Any CPU
		{C0B1523B-C34F-4B2F-BA4D-DF5DFDCE5F3B}.Debug|Any CPU.ActiveCfg = Debug|Any CPU
		{C0B1523B-C34F-4B2F-BA4D-DF5DFDCE5F3B}.Debug|Any CPU.Build.0 = Debug|Any CPU
		{C0B1523B-C34F-4B2F-BA4D-DF5DFDCE5F3B}.Debug|x64.ActiveCfg = Debug|Any CPU
		{C0B1523B-C34F-4B2F-BA4D-DF5DFDCE5F3B}.Debug|x64.Build.0 = Debug|Any CPU
		{C0B1523B-C34F-4B2F-BA4D-DF5DFDCE5F3B}.Debug|x86.ActiveCfg = Debug|Any CPU
		{C0B1523B-C34F-4B2F-BA4D-DF5DFDCE5F3B}.Debug|x86.Build.0 = Debug|Any CPU
		{C0B1523B-C34F-4B2F-BA4D-DF5DFDCE5F3B}.Gen|Any CPU.ActiveCfg = Gen|Any CPU
		{C0B1523B-C34F-4B2F-BA4D-DF5DFDCE5F3B}.Gen|Any CPU.Build.0 = Gen|Any CPU
		{C0B1523B-C34F-4B2F-BA4D-DF5DFDCE5F3B}.Gen|x64.ActiveCfg = Gen|Any CPU
		{C0B1523B-C34F-4B2F-BA4D-DF5DFDCE5F3B}.Gen|x64.Build.0 = Gen|Any CPU
		{C0B1523B-C34F-4B2F-BA4D-DF5DFDCE5F3B}.Gen|x86.ActiveCfg = Gen|Any CPU
		{C0B1523B-C34F-4B2F-BA4D-DF5DFDCE5F3B}.Gen|x86.Build.0 = Gen|Any CPU
		{C0B1523B-C34F-4B2F-BA4D-DF5DFDCE5F3B}.Release|Any CPU.ActiveCfg = Release|Any CPU
		{C0B1523B-C34F-4B2F-BA4D-DF5DFDCE5F3B}.Release|Any CPU.Build.0 = Release|Any CPU
		{C0B1523B-C34F-4B2F-BA4D-DF5DFDCE5F3B}.Release|x64.ActiveCfg = Release|Any CPU
		{C0B1523B-C34F-4B2F-BA4D-DF5DFDCE5F3B}.Release|x64.Build.0 = Release|Any CPU
		{C0B1523B-C34F-4B2F-BA4D-DF5DFDCE5F3B}.Release|x86.ActiveCfg = Release|Any CPU
		{C0B1523B-C34F-4B2F-BA4D-DF5DFDCE5F3B}.Release|x86.Build.0 = Release|Any CPU
		{464A93C1-99F2-4E6F-B893-3880445A69F2}.Debug|Any CPU.ActiveCfg = Debug|Any CPU
		{464A93C1-99F2-4E6F-B893-3880445A69F2}.Debug|Any CPU.Build.0 = Debug|Any CPU
		{464A93C1-99F2-4E6F-B893-3880445A69F2}.Debug|x64.ActiveCfg = Debug|Any CPU
		{464A93C1-99F2-4E6F-B893-3880445A69F2}.Debug|x64.Build.0 = Debug|Any CPU
		{464A93C1-99F2-4E6F-B893-3880445A69F2}.Debug|x86.ActiveCfg = Debug|Any CPU
		{464A93C1-99F2-4E6F-B893-3880445A69F2}.Debug|x86.Build.0 = Debug|Any CPU
		{464A93C1-99F2-4E6F-B893-3880445A69F2}.Gen|Any CPU.ActiveCfg = Gen|Any CPU
		{464A93C1-99F2-4E6F-B893-3880445A69F2}.Gen|Any CPU.Build.0 = Gen|Any CPU
		{464A93C1-99F2-4E6F-B893-3880445A69F2}.Gen|x64.ActiveCfg = Gen|Any CPU
		{464A93C1-99F2-4E6F-B893-3880445A69F2}.Gen|x64.Build.0 = Gen|Any CPU
		{464A93C1-99F2-4E6F-B893-3880445A69F2}.Gen|x86.ActiveCfg = Gen|Any CPU
		{464A93C1-99F2-4E6F-B893-3880445A69F2}.Gen|x86.Build.0 = Gen|Any CPU
		{464A93C1-99F2-4E6F-B893-3880445A69F2}.Release|Any CPU.ActiveCfg = Release|Any CPU
		{464A93C1-99F2-4E6F-B893-3880445A69F2}.Release|Any CPU.Build.0 = Release|Any CPU
		{464A93C1-99F2-4E6F-B893-3880445A69F2}.Release|x64.ActiveCfg = Release|Any CPU
		{464A93C1-99F2-4E6F-B893-3880445A69F2}.Release|x64.Build.0 = Release|Any CPU
		{464A93C1-99F2-4E6F-B893-3880445A69F2}.Release|x86.ActiveCfg = Release|Any CPU
		{464A93C1-99F2-4E6F-B893-3880445A69F2}.Release|x86.Build.0 = Release|Any CPU
		{4EC5D1AE-77BA-4BD2-B6EF-41A6050C6455}.Debug|Any CPU.ActiveCfg = Debug|Any CPU
		{4EC5D1AE-77BA-4BD2-B6EF-41A6050C6455}.Debug|Any CPU.Build.0 = Debug|Any CPU
		{4EC5D1AE-77BA-4BD2-B6EF-41A6050C6455}.Debug|x64.ActiveCfg = Debug|Any CPU
		{4EC5D1AE-77BA-4BD2-B6EF-41A6050C6455}.Debug|x64.Build.0 = Debug|Any CPU
		{4EC5D1AE-77BA-4BD2-B6EF-41A6050C6455}.Debug|x86.ActiveCfg = Debug|Any CPU
		{4EC5D1AE-77BA-4BD2-B6EF-41A6050C6455}.Debug|x86.Build.0 = Debug|Any CPU
		{4EC5D1AE-77BA-4BD2-B6EF-41A6050C6455}.Gen|Any CPU.ActiveCfg = Gen|Any CPU
		{4EC5D1AE-77BA-4BD2-B6EF-41A6050C6455}.Gen|Any CPU.Build.0 = Gen|Any CPU
		{4EC5D1AE-77BA-4BD2-B6EF-41A6050C6455}.Gen|x64.ActiveCfg = Gen|Any CPU
		{4EC5D1AE-77BA-4BD2-B6EF-41A6050C6455}.Gen|x64.Build.0 = Gen|Any CPU
		{4EC5D1AE-77BA-4BD2-B6EF-41A6050C6455}.Gen|x86.ActiveCfg = Gen|Any CPU
		{4EC5D1AE-77BA-4BD2-B6EF-41A6050C6455}.Gen|x86.Build.0 = Gen|Any CPU
		{4EC5D1AE-77BA-4BD2-B6EF-41A6050C6455}.Release|Any CPU.ActiveCfg = Release|Any CPU
		{4EC5D1AE-77BA-4BD2-B6EF-41A6050C6455}.Release|Any CPU.Build.0 = Release|Any CPU
		{4EC5D1AE-77BA-4BD2-B6EF-41A6050C6455}.Release|x64.ActiveCfg = Release|Any CPU
		{4EC5D1AE-77BA-4BD2-B6EF-41A6050C6455}.Release|x64.Build.0 = Release|Any CPU
		{4EC5D1AE-77BA-4BD2-B6EF-41A6050C6455}.Release|x86.ActiveCfg = Release|Any CPU
		{4EC5D1AE-77BA-4BD2-B6EF-41A6050C6455}.Release|x86.Build.0 = Release|Any CPU
		{20701260-92EC-45EB-9741-D5DC1DFD9F3A}.Debug|Any CPU.ActiveCfg = Debug|Any CPU
		{20701260-92EC-45EB-9741-D5DC1DFD9F3A}.Debug|Any CPU.Build.0 = Debug|Any CPU
		{20701260-92EC-45EB-9741-D5DC1DFD9F3A}.Debug|x64.ActiveCfg = Debug|Any CPU
		{20701260-92EC-45EB-9741-D5DC1DFD9F3A}.Debug|x64.Build.0 = Debug|Any CPU
		{20701260-92EC-45EB-9741-D5DC1DFD9F3A}.Debug|x86.ActiveCfg = Debug|Any CPU
		{20701260-92EC-45EB-9741-D5DC1DFD9F3A}.Debug|x86.Build.0 = Debug|Any CPU
		{20701260-92EC-45EB-9741-D5DC1DFD9F3A}.Gen|Any CPU.ActiveCfg = Gen|Any CPU
		{20701260-92EC-45EB-9741-D5DC1DFD9F3A}.Gen|Any CPU.Build.0 = Gen|Any CPU
		{20701260-92EC-45EB-9741-D5DC1DFD9F3A}.Gen|x64.ActiveCfg = Gen|Any CPU
		{20701260-92EC-45EB-9741-D5DC1DFD9F3A}.Gen|x64.Build.0 = Gen|Any CPU
		{20701260-92EC-45EB-9741-D5DC1DFD9F3A}.Gen|x86.ActiveCfg = Gen|Any CPU
		{20701260-92EC-45EB-9741-D5DC1DFD9F3A}.Gen|x86.Build.0 = Gen|Any CPU
		{20701260-92EC-45EB-9741-D5DC1DFD9F3A}.Release|Any CPU.ActiveCfg = Release|Any CPU
		{20701260-92EC-45EB-9741-D5DC1DFD9F3A}.Release|Any CPU.Build.0 = Release|Any CPU
		{20701260-92EC-45EB-9741-D5DC1DFD9F3A}.Release|x64.ActiveCfg = Release|Any CPU
		{20701260-92EC-45EB-9741-D5DC1DFD9F3A}.Release|x64.Build.0 = Release|Any CPU
		{20701260-92EC-45EB-9741-D5DC1DFD9F3A}.Release|x86.ActiveCfg = Release|Any CPU
		{20701260-92EC-45EB-9741-D5DC1DFD9F3A}.Release|x86.Build.0 = Release|Any CPU
		{0B06CEE8-47B7-406C-B642-2FA3FF2A1B91}.Debug|Any CPU.ActiveCfg = Debug|Any CPU
		{0B06CEE8-47B7-406C-B642-2FA3FF2A1B91}.Debug|Any CPU.Build.0 = Debug|Any CPU
		{0B06CEE8-47B7-406C-B642-2FA3FF2A1B91}.Debug|x64.ActiveCfg = Debug|Any CPU
		{0B06CEE8-47B7-406C-B642-2FA3FF2A1B91}.Debug|x64.Build.0 = Debug|Any CPU
		{0B06CEE8-47B7-406C-B642-2FA3FF2A1B91}.Debug|x86.ActiveCfg = Debug|Any CPU
		{0B06CEE8-47B7-406C-B642-2FA3FF2A1B91}.Debug|x86.Build.0 = Debug|Any CPU
		{0B06CEE8-47B7-406C-B642-2FA3FF2A1B91}.Gen|Any CPU.ActiveCfg = Gen|Any CPU
		{0B06CEE8-47B7-406C-B642-2FA3FF2A1B91}.Gen|Any CPU.Build.0 = Gen|Any CPU
		{0B06CEE8-47B7-406C-B642-2FA3FF2A1B91}.Gen|x64.ActiveCfg = Gen|Any CPU
		{0B06CEE8-47B7-406C-B642-2FA3FF2A1B91}.Gen|x64.Build.0 = Gen|Any CPU
		{0B06CEE8-47B7-406C-B642-2FA3FF2A1B91}.Gen|x86.ActiveCfg = Gen|Any CPU
		{0B06CEE8-47B7-406C-B642-2FA3FF2A1B91}.Gen|x86.Build.0 = Gen|Any CPU
		{0B06CEE8-47B7-406C-B642-2FA3FF2A1B91}.Release|Any CPU.ActiveCfg = Release|Any CPU
		{0B06CEE8-47B7-406C-B642-2FA3FF2A1B91}.Release|Any CPU.Build.0 = Release|Any CPU
		{0B06CEE8-47B7-406C-B642-2FA3FF2A1B91}.Release|x64.ActiveCfg = Release|Any CPU
		{0B06CEE8-47B7-406C-B642-2FA3FF2A1B91}.Release|x64.Build.0 = Release|Any CPU
		{0B06CEE8-47B7-406C-B642-2FA3FF2A1B91}.Release|x86.ActiveCfg = Release|Any CPU
		{0B06CEE8-47B7-406C-B642-2FA3FF2A1B91}.Release|x86.Build.0 = Release|Any CPU
		{AFC31723-FFEC-4C4F-AB65-21A2AF57BAC6}.Debug|Any CPU.ActiveCfg = Debug|Any CPU
		{AFC31723-FFEC-4C4F-AB65-21A2AF57BAC6}.Debug|Any CPU.Build.0 = Debug|Any CPU
		{AFC31723-FFEC-4C4F-AB65-21A2AF57BAC6}.Debug|x64.ActiveCfg = Debug|Any CPU
		{AFC31723-FFEC-4C4F-AB65-21A2AF57BAC6}.Debug|x64.Build.0 = Debug|Any CPU
		{AFC31723-FFEC-4C4F-AB65-21A2AF57BAC6}.Debug|x86.ActiveCfg = Debug|Any CPU
		{AFC31723-FFEC-4C4F-AB65-21A2AF57BAC6}.Debug|x86.Build.0 = Debug|Any CPU
		{AFC31723-FFEC-4C4F-AB65-21A2AF57BAC6}.Gen|Any CPU.ActiveCfg = Gen|Any CPU
		{AFC31723-FFEC-4C4F-AB65-21A2AF57BAC6}.Gen|Any CPU.Build.0 = Gen|Any CPU
		{AFC31723-FFEC-4C4F-AB65-21A2AF57BAC6}.Gen|x64.ActiveCfg = Gen|Any CPU
		{AFC31723-FFEC-4C4F-AB65-21A2AF57BAC6}.Gen|x64.Build.0 = Gen|Any CPU
		{AFC31723-FFEC-4C4F-AB65-21A2AF57BAC6}.Gen|x86.ActiveCfg = Gen|Any CPU
		{AFC31723-FFEC-4C4F-AB65-21A2AF57BAC6}.Gen|x86.Build.0 = Gen|Any CPU
		{AFC31723-FFEC-4C4F-AB65-21A2AF57BAC6}.Release|Any CPU.ActiveCfg = Release|Any CPU
		{AFC31723-FFEC-4C4F-AB65-21A2AF57BAC6}.Release|Any CPU.Build.0 = Release|Any CPU
		{AFC31723-FFEC-4C4F-AB65-21A2AF57BAC6}.Release|x64.ActiveCfg = Release|Any CPU
		{AFC31723-FFEC-4C4F-AB65-21A2AF57BAC6}.Release|x64.Build.0 = Release|Any CPU
		{AFC31723-FFEC-4C4F-AB65-21A2AF57BAC6}.Release|x86.ActiveCfg = Release|Any CPU
		{AFC31723-FFEC-4C4F-AB65-21A2AF57BAC6}.Release|x86.Build.0 = Release|Any CPU
		{A8F18BE8-E86E-4CF4-922B-911D04D98FC2}.Debug|Any CPU.ActiveCfg = Debug|Any CPU
		{A8F18BE8-E86E-4CF4-922B-911D04D98FC2}.Debug|Any CPU.Build.0 = Debug|Any CPU
		{A8F18BE8-E86E-4CF4-922B-911D04D98FC2}.Debug|x64.ActiveCfg = Debug|Any CPU
		{A8F18BE8-E86E-4CF4-922B-911D04D98FC2}.Debug|x64.Build.0 = Debug|Any CPU
		{A8F18BE8-E86E-4CF4-922B-911D04D98FC2}.Debug|x86.ActiveCfg = Debug|Any CPU
		{A8F18BE8-E86E-4CF4-922B-911D04D98FC2}.Debug|x86.Build.0 = Debug|Any CPU
		{A8F18BE8-E86E-4CF4-922B-911D04D98FC2}.Gen|Any CPU.ActiveCfg = Gen|Any CPU
		{A8F18BE8-E86E-4CF4-922B-911D04D98FC2}.Gen|Any CPU.Build.0 = Gen|Any CPU
		{A8F18BE8-E86E-4CF4-922B-911D04D98FC2}.Gen|x64.ActiveCfg = Gen|Any CPU
		{A8F18BE8-E86E-4CF4-922B-911D04D98FC2}.Gen|x64.Build.0 = Gen|Any CPU
		{A8F18BE8-E86E-4CF4-922B-911D04D98FC2}.Gen|x86.ActiveCfg = Gen|Any CPU
		{A8F18BE8-E86E-4CF4-922B-911D04D98FC2}.Gen|x86.Build.0 = Gen|Any CPU
		{A8F18BE8-E86E-4CF4-922B-911D04D98FC2}.Release|Any CPU.ActiveCfg = Release|Any CPU
		{A8F18BE8-E86E-4CF4-922B-911D04D98FC2}.Release|Any CPU.Build.0 = Release|Any CPU
		{A8F18BE8-E86E-4CF4-922B-911D04D98FC2}.Release|x64.ActiveCfg = Release|Any CPU
		{A8F18BE8-E86E-4CF4-922B-911D04D98FC2}.Release|x64.Build.0 = Release|Any CPU
		{A8F18BE8-E86E-4CF4-922B-911D04D98FC2}.Release|x86.ActiveCfg = Release|Any CPU
		{A8F18BE8-E86E-4CF4-922B-911D04D98FC2}.Release|x86.Build.0 = Release|Any CPU
		{78291F2D-D5A4-40FE-9212-D23594D23FA8}.Debug|Any CPU.ActiveCfg = Debug|Any CPU
		{78291F2D-D5A4-40FE-9212-D23594D23FA8}.Debug|Any CPU.Build.0 = Debug|Any CPU
		{78291F2D-D5A4-40FE-9212-D23594D23FA8}.Debug|x64.ActiveCfg = Debug|Any CPU
		{78291F2D-D5A4-40FE-9212-D23594D23FA8}.Debug|x64.Build.0 = Debug|Any CPU
		{78291F2D-D5A4-40FE-9212-D23594D23FA8}.Debug|x86.ActiveCfg = Debug|Any CPU
		{78291F2D-D5A4-40FE-9212-D23594D23FA8}.Debug|x86.Build.0 = Debug|Any CPU
		{78291F2D-D5A4-40FE-9212-D23594D23FA8}.Gen|Any CPU.ActiveCfg = Gen|Any CPU
		{78291F2D-D5A4-40FE-9212-D23594D23FA8}.Gen|Any CPU.Build.0 = Gen|Any CPU
		{78291F2D-D5A4-40FE-9212-D23594D23FA8}.Gen|x64.ActiveCfg = Gen|Any CPU
		{78291F2D-D5A4-40FE-9212-D23594D23FA8}.Gen|x64.Build.0 = Gen|Any CPU
		{78291F2D-D5A4-40FE-9212-D23594D23FA8}.Gen|x86.ActiveCfg = Gen|Any CPU
		{78291F2D-D5A4-40FE-9212-D23594D23FA8}.Gen|x86.Build.0 = Gen|Any CPU
		{78291F2D-D5A4-40FE-9212-D23594D23FA8}.Release|Any CPU.ActiveCfg = Release|Any CPU
		{78291F2D-D5A4-40FE-9212-D23594D23FA8}.Release|Any CPU.Build.0 = Release|Any CPU
		{78291F2D-D5A4-40FE-9212-D23594D23FA8}.Release|x64.ActiveCfg = Release|Any CPU
		{78291F2D-D5A4-40FE-9212-D23594D23FA8}.Release|x64.Build.0 = Release|Any CPU
		{78291F2D-D5A4-40FE-9212-D23594D23FA8}.Release|x86.ActiveCfg = Release|Any CPU
		{78291F2D-D5A4-40FE-9212-D23594D23FA8}.Release|x86.Build.0 = Release|Any CPU
		{1DBA4032-0E71-469C-87ED-79F6E8C2E857}.Debug|Any CPU.ActiveCfg = Release|Any CPU
		{1DBA4032-0E71-469C-87ED-79F6E8C2E857}.Debug|Any CPU.Build.0 = Release|Any CPU
		{1DBA4032-0E71-469C-87ED-79F6E8C2E857}.Debug|x64.ActiveCfg = Debug|Any CPU
		{1DBA4032-0E71-469C-87ED-79F6E8C2E857}.Debug|x64.Build.0 = Debug|Any CPU
		{1DBA4032-0E71-469C-87ED-79F6E8C2E857}.Debug|x86.ActiveCfg = Debug|Any CPU
		{1DBA4032-0E71-469C-87ED-79F6E8C2E857}.Debug|x86.Build.0 = Debug|Any CPU
		{1DBA4032-0E71-469C-87ED-79F6E8C2E857}.Gen|Any CPU.ActiveCfg = Gen|Any CPU
		{1DBA4032-0E71-469C-87ED-79F6E8C2E857}.Gen|Any CPU.Build.0 = Gen|Any CPU
		{1DBA4032-0E71-469C-87ED-79F6E8C2E857}.Gen|x64.ActiveCfg = Gen|Any CPU
		{1DBA4032-0E71-469C-87ED-79F6E8C2E857}.Gen|x64.Build.0 = Gen|Any CPU
		{1DBA4032-0E71-469C-87ED-79F6E8C2E857}.Gen|x86.ActiveCfg = Gen|Any CPU
		{1DBA4032-0E71-469C-87ED-79F6E8C2E857}.Gen|x86.Build.0 = Gen|Any CPU
		{1DBA4032-0E71-469C-87ED-79F6E8C2E857}.Release|Any CPU.ActiveCfg = Release|Any CPU
		{1DBA4032-0E71-469C-87ED-79F6E8C2E857}.Release|Any CPU.Build.0 = Release|Any CPU
		{1DBA4032-0E71-469C-87ED-79F6E8C2E857}.Release|x64.ActiveCfg = Release|Any CPU
		{1DBA4032-0E71-469C-87ED-79F6E8C2E857}.Release|x64.Build.0 = Release|Any CPU
		{1DBA4032-0E71-469C-87ED-79F6E8C2E857}.Release|x86.ActiveCfg = Release|Any CPU
		{1DBA4032-0E71-469C-87ED-79F6E8C2E857}.Release|x86.Build.0 = Release|Any CPU
		{DA0D9F51-C4D8-42FA-943D-F2AECD9EF6C9}.Debug|Any CPU.ActiveCfg = Release|Any CPU
		{DA0D9F51-C4D8-42FA-943D-F2AECD9EF6C9}.Debug|Any CPU.Build.0 = Release|Any CPU
		{DA0D9F51-C4D8-42FA-943D-F2AECD9EF6C9}.Debug|x64.ActiveCfg = Debug|Any CPU
		{DA0D9F51-C4D8-42FA-943D-F2AECD9EF6C9}.Debug|x64.Build.0 = Debug|Any CPU
		{DA0D9F51-C4D8-42FA-943D-F2AECD9EF6C9}.Debug|x86.ActiveCfg = Debug|Any CPU
		{DA0D9F51-C4D8-42FA-943D-F2AECD9EF6C9}.Debug|x86.Build.0 = Debug|Any CPU
		{DA0D9F51-C4D8-42FA-943D-F2AECD9EF6C9}.Gen|Any CPU.ActiveCfg = Gen|Any CPU
		{DA0D9F51-C4D8-42FA-943D-F2AECD9EF6C9}.Gen|Any CPU.Build.0 = Gen|Any CPU
		{DA0D9F51-C4D8-42FA-943D-F2AECD9EF6C9}.Gen|x64.ActiveCfg = Gen|Any CPU
		{DA0D9F51-C4D8-42FA-943D-F2AECD9EF6C9}.Gen|x64.Build.0 = Gen|Any CPU
		{DA0D9F51-C4D8-42FA-943D-F2AECD9EF6C9}.Gen|x86.ActiveCfg = Gen|Any CPU
		{DA0D9F51-C4D8-42FA-943D-F2AECD9EF6C9}.Gen|x86.Build.0 = Gen|Any CPU
		{DA0D9F51-C4D8-42FA-943D-F2AECD9EF6C9}.Release|Any CPU.ActiveCfg = Release|Any CPU
		{DA0D9F51-C4D8-42FA-943D-F2AECD9EF6C9}.Release|Any CPU.Build.0 = Release|Any CPU
		{DA0D9F51-C4D8-42FA-943D-F2AECD9EF6C9}.Release|x64.ActiveCfg = Release|Any CPU
		{DA0D9F51-C4D8-42FA-943D-F2AECD9EF6C9}.Release|x64.Build.0 = Release|Any CPU
		{DA0D9F51-C4D8-42FA-943D-F2AECD9EF6C9}.Release|x86.ActiveCfg = Release|Any CPU
		{DA0D9F51-C4D8-42FA-943D-F2AECD9EF6C9}.Release|x86.Build.0 = Release|Any CPU
		{F67AC4F3-C512-48FE-8653-7CB56EC67299}.Debug|Any CPU.ActiveCfg = Debug|Any CPU
		{F67AC4F3-C512-48FE-8653-7CB56EC67299}.Debug|Any CPU.Build.0 = Debug|Any CPU
		{F67AC4F3-C512-48FE-8653-7CB56EC67299}.Debug|x64.ActiveCfg = Debug|Any CPU
		{F67AC4F3-C512-48FE-8653-7CB56EC67299}.Debug|x64.Build.0 = Debug|Any CPU
		{F67AC4F3-C512-48FE-8653-7CB56EC67299}.Debug|x86.ActiveCfg = Debug|Any CPU
		{F67AC4F3-C512-48FE-8653-7CB56EC67299}.Debug|x86.Build.0 = Debug|Any CPU
		{F67AC4F3-C512-48FE-8653-7CB56EC67299}.Gen|Any CPU.ActiveCfg = Gen|Any CPU
		{F67AC4F3-C512-48FE-8653-7CB56EC67299}.Gen|Any CPU.Build.0 = Gen|Any CPU
		{F67AC4F3-C512-48FE-8653-7CB56EC67299}.Gen|x64.ActiveCfg = Gen|Any CPU
		{F67AC4F3-C512-48FE-8653-7CB56EC67299}.Gen|x64.Build.0 = Gen|Any CPU
		{F67AC4F3-C512-48FE-8653-7CB56EC67299}.Gen|x86.ActiveCfg = Gen|Any CPU
		{F67AC4F3-C512-48FE-8653-7CB56EC67299}.Gen|x86.Build.0 = Gen|Any CPU
		{F67AC4F3-C512-48FE-8653-7CB56EC67299}.Release|Any CPU.ActiveCfg = Release|Any CPU
		{F67AC4F3-C512-48FE-8653-7CB56EC67299}.Release|Any CPU.Build.0 = Release|Any CPU
		{F67AC4F3-C512-48FE-8653-7CB56EC67299}.Release|x64.ActiveCfg = Release|Any CPU
		{F67AC4F3-C512-48FE-8653-7CB56EC67299}.Release|x64.Build.0 = Release|Any CPU
		{F67AC4F3-C512-48FE-8653-7CB56EC67299}.Release|x86.ActiveCfg = Release|Any CPU
		{F67AC4F3-C512-48FE-8653-7CB56EC67299}.Release|x86.Build.0 = Release|Any CPU
		{DC6328A3-6F7F-45C5-92E8-244BA2C59553}.Debug|Any CPU.ActiveCfg = Debug|Any CPU
		{DC6328A3-6F7F-45C5-92E8-244BA2C59553}.Debug|Any CPU.Build.0 = Debug|Any CPU
		{DC6328A3-6F7F-45C5-92E8-244BA2C59553}.Debug|x64.ActiveCfg = Debug|Any CPU
		{DC6328A3-6F7F-45C5-92E8-244BA2C59553}.Debug|x64.Build.0 = Debug|Any CPU
		{DC6328A3-6F7F-45C5-92E8-244BA2C59553}.Debug|x86.ActiveCfg = Debug|Any CPU
		{DC6328A3-6F7F-45C5-92E8-244BA2C59553}.Debug|x86.Build.0 = Debug|Any CPU
		{DC6328A3-6F7F-45C5-92E8-244BA2C59553}.Gen|Any CPU.ActiveCfg = Gen|Any CPU
		{DC6328A3-6F7F-45C5-92E8-244BA2C59553}.Gen|Any CPU.Build.0 = Gen|Any CPU
		{DC6328A3-6F7F-45C5-92E8-244BA2C59553}.Gen|x64.ActiveCfg = Gen|Any CPU
		{DC6328A3-6F7F-45C5-92E8-244BA2C59553}.Gen|x64.Build.0 = Gen|Any CPU
		{DC6328A3-6F7F-45C5-92E8-244BA2C59553}.Gen|x86.ActiveCfg = Gen|Any CPU
		{DC6328A3-6F7F-45C5-92E8-244BA2C59553}.Gen|x86.Build.0 = Gen|Any CPU
		{DC6328A3-6F7F-45C5-92E8-244BA2C59553}.Release|Any CPU.ActiveCfg = Release|Any CPU
		{DC6328A3-6F7F-45C5-92E8-244BA2C59553}.Release|Any CPU.Build.0 = Release|Any CPU
		{DC6328A3-6F7F-45C5-92E8-244BA2C59553}.Release|x64.ActiveCfg = Release|Any CPU
		{DC6328A3-6F7F-45C5-92E8-244BA2C59553}.Release|x64.Build.0 = Release|Any CPU
		{DC6328A3-6F7F-45C5-92E8-244BA2C59553}.Release|x86.ActiveCfg = Release|Any CPU
		{DC6328A3-6F7F-45C5-92E8-244BA2C59553}.Release|x86.Build.0 = Release|Any CPU
		{F25233E5-E086-4661-89F2-274469EC3035}.Debug|Any CPU.ActiveCfg = Debug|Any CPU
		{F25233E5-E086-4661-89F2-274469EC3035}.Debug|Any CPU.Build.0 = Debug|Any CPU
		{F25233E5-E086-4661-89F2-274469EC3035}.Debug|x64.ActiveCfg = Debug|Any CPU
		{F25233E5-E086-4661-89F2-274469EC3035}.Debug|x64.Build.0 = Debug|Any CPU
		{F25233E5-E086-4661-89F2-274469EC3035}.Debug|x86.ActiveCfg = Debug|Any CPU
		{F25233E5-E086-4661-89F2-274469EC3035}.Debug|x86.Build.0 = Debug|Any CPU
		{F25233E5-E086-4661-89F2-274469EC3035}.Gen|Any CPU.ActiveCfg = Gen|Any CPU
		{F25233E5-E086-4661-89F2-274469EC3035}.Gen|Any CPU.Build.0 = Gen|Any CPU
		{F25233E5-E086-4661-89F2-274469EC3035}.Gen|x64.ActiveCfg = Gen|Any CPU
		{F25233E5-E086-4661-89F2-274469EC3035}.Gen|x64.Build.0 = Gen|Any CPU
		{F25233E5-E086-4661-89F2-274469EC3035}.Gen|x86.ActiveCfg = Gen|Any CPU
		{F25233E5-E086-4661-89F2-274469EC3035}.Gen|x86.Build.0 = Gen|Any CPU
		{F25233E5-E086-4661-89F2-274469EC3035}.Release|Any CPU.ActiveCfg = Release|Any CPU
		{F25233E5-E086-4661-89F2-274469EC3035}.Release|Any CPU.Build.0 = Release|Any CPU
		{F25233E5-E086-4661-89F2-274469EC3035}.Release|x64.ActiveCfg = Release|Any CPU
		{F25233E5-E086-4661-89F2-274469EC3035}.Release|x64.Build.0 = Release|Any CPU
		{F25233E5-E086-4661-89F2-274469EC3035}.Release|x86.ActiveCfg = Release|Any CPU
		{F25233E5-E086-4661-89F2-274469EC3035}.Release|x86.Build.0 = Release|Any CPU
		{F8A9C3DC-38A6-4E4F-A253-2C08278FFFB8}.Debug|Any CPU.ActiveCfg = Debug|Any CPU
		{F8A9C3DC-38A6-4E4F-A253-2C08278FFFB8}.Debug|Any CPU.Build.0 = Debug|Any CPU
		{F8A9C3DC-38A6-4E4F-A253-2C08278FFFB8}.Debug|x64.ActiveCfg = Debug|Any CPU
		{F8A9C3DC-38A6-4E4F-A253-2C08278FFFB8}.Debug|x64.Build.0 = Debug|Any CPU
		{F8A9C3DC-38A6-4E4F-A253-2C08278FFFB8}.Debug|x86.ActiveCfg = Debug|Any CPU
		{F8A9C3DC-38A6-4E4F-A253-2C08278FFFB8}.Debug|x86.Build.0 = Debug|Any CPU
		{F8A9C3DC-38A6-4E4F-A253-2C08278FFFB8}.Gen|Any CPU.ActiveCfg = Gen|Any CPU
		{F8A9C3DC-38A6-4E4F-A253-2C08278FFFB8}.Gen|Any CPU.Build.0 = Gen|Any CPU
		{F8A9C3DC-38A6-4E4F-A253-2C08278FFFB8}.Gen|x64.ActiveCfg = Gen|Any CPU
		{F8A9C3DC-38A6-4E4F-A253-2C08278FFFB8}.Gen|x64.Build.0 = Gen|Any CPU
		{F8A9C3DC-38A6-4E4F-A253-2C08278FFFB8}.Gen|x86.ActiveCfg = Gen|Any CPU
		{F8A9C3DC-38A6-4E4F-A253-2C08278FFFB8}.Gen|x86.Build.0 = Gen|Any CPU
		{F8A9C3DC-38A6-4E4F-A253-2C08278FFFB8}.Release|Any CPU.ActiveCfg = Release|Any CPU
		{F8A9C3DC-38A6-4E4F-A253-2C08278FFFB8}.Release|Any CPU.Build.0 = Release|Any CPU
		{F8A9C3DC-38A6-4E4F-A253-2C08278FFFB8}.Release|x64.ActiveCfg = Release|Any CPU
		{F8A9C3DC-38A6-4E4F-A253-2C08278FFFB8}.Release|x64.Build.0 = Release|Any CPU
		{F8A9C3DC-38A6-4E4F-A253-2C08278FFFB8}.Release|x86.ActiveCfg = Release|Any CPU
		{F8A9C3DC-38A6-4E4F-A253-2C08278FFFB8}.Release|x86.Build.0 = Release|Any CPU
		{9EAD706A-80A4-418C-9B7E-C4EDDC49663C}.Debug|Any CPU.ActiveCfg = Debug|Any CPU
		{9EAD706A-80A4-418C-9B7E-C4EDDC49663C}.Debug|Any CPU.Build.0 = Debug|Any CPU
		{9EAD706A-80A4-418C-9B7E-C4EDDC49663C}.Debug|x64.ActiveCfg = Debug|Any CPU
		{9EAD706A-80A4-418C-9B7E-C4EDDC49663C}.Debug|x64.Build.0 = Debug|Any CPU
		{9EAD706A-80A4-418C-9B7E-C4EDDC49663C}.Debug|x86.ActiveCfg = Debug|Any CPU
		{9EAD706A-80A4-418C-9B7E-C4EDDC49663C}.Debug|x86.Build.0 = Debug|Any CPU
		{9EAD706A-80A4-418C-9B7E-C4EDDC49663C}.Gen|Any CPU.ActiveCfg = Gen|Any CPU
		{9EAD706A-80A4-418C-9B7E-C4EDDC49663C}.Gen|Any CPU.Build.0 = Gen|Any CPU
		{9EAD706A-80A4-418C-9B7E-C4EDDC49663C}.Gen|x64.ActiveCfg = Gen|Any CPU
		{9EAD706A-80A4-418C-9B7E-C4EDDC49663C}.Gen|x64.Build.0 = Gen|Any CPU
		{9EAD706A-80A4-418C-9B7E-C4EDDC49663C}.Gen|x86.ActiveCfg = Gen|Any CPU
		{9EAD706A-80A4-418C-9B7E-C4EDDC49663C}.Gen|x86.Build.0 = Gen|Any CPU
		{9EAD706A-80A4-418C-9B7E-C4EDDC49663C}.Release|Any CPU.ActiveCfg = Release|Any CPU
		{9EAD706A-80A4-418C-9B7E-C4EDDC49663C}.Release|Any CPU.Build.0 = Release|Any CPU
		{9EAD706A-80A4-418C-9B7E-C4EDDC49663C}.Release|x64.ActiveCfg = Release|Any CPU
		{9EAD706A-80A4-418C-9B7E-C4EDDC49663C}.Release|x64.Build.0 = Release|Any CPU
		{9EAD706A-80A4-418C-9B7E-C4EDDC49663C}.Release|x86.ActiveCfg = Release|Any CPU
		{9EAD706A-80A4-418C-9B7E-C4EDDC49663C}.Release|x86.Build.0 = Release|Any CPU
		{F8CDE68E-4834-439E-93A7-A5C00F26E418}.Debug|Any CPU.ActiveCfg = Debug|Any CPU
		{F8CDE68E-4834-439E-93A7-A5C00F26E418}.Debug|Any CPU.Build.0 = Debug|Any CPU
		{F8CDE68E-4834-439E-93A7-A5C00F26E418}.Debug|x64.ActiveCfg = Debug|Any CPU
		{F8CDE68E-4834-439E-93A7-A5C00F26E418}.Debug|x64.Build.0 = Debug|Any CPU
		{F8CDE68E-4834-439E-93A7-A5C00F26E418}.Debug|x86.ActiveCfg = Debug|Any CPU
		{F8CDE68E-4834-439E-93A7-A5C00F26E418}.Debug|x86.Build.0 = Debug|Any CPU
		{F8CDE68E-4834-439E-93A7-A5C00F26E418}.Gen|Any CPU.ActiveCfg = Gen|Any CPU
		{F8CDE68E-4834-439E-93A7-A5C00F26E418}.Gen|Any CPU.Build.0 = Gen|Any CPU
		{F8CDE68E-4834-439E-93A7-A5C00F26E418}.Gen|x64.ActiveCfg = Gen|Any CPU
		{F8CDE68E-4834-439E-93A7-A5C00F26E418}.Gen|x64.Build.0 = Gen|Any CPU
		{F8CDE68E-4834-439E-93A7-A5C00F26E418}.Gen|x86.ActiveCfg = Gen|Any CPU
		{F8CDE68E-4834-439E-93A7-A5C00F26E418}.Gen|x86.Build.0 = Gen|Any CPU
		{F8CDE68E-4834-439E-93A7-A5C00F26E418}.Release|Any CPU.ActiveCfg = Release|Any CPU
		{F8CDE68E-4834-439E-93A7-A5C00F26E418}.Release|Any CPU.Build.0 = Release|Any CPU
		{F8CDE68E-4834-439E-93A7-A5C00F26E418}.Release|x64.ActiveCfg = Release|Any CPU
		{F8CDE68E-4834-439E-93A7-A5C00F26E418}.Release|x64.Build.0 = Release|Any CPU
		{F8CDE68E-4834-439E-93A7-A5C00F26E418}.Release|x86.ActiveCfg = Release|Any CPU
		{F8CDE68E-4834-439E-93A7-A5C00F26E418}.Release|x86.Build.0 = Release|Any CPU
		{4591D842-8015-4B19-8397-308173041301}.Debug|Any CPU.ActiveCfg = Debug|Any CPU
		{4591D842-8015-4B19-8397-308173041301}.Debug|Any CPU.Build.0 = Debug|Any CPU
		{4591D842-8015-4B19-8397-308173041301}.Debug|x64.ActiveCfg = Debug|Any CPU
		{4591D842-8015-4B19-8397-308173041301}.Debug|x64.Build.0 = Debug|Any CPU
		{4591D842-8015-4B19-8397-308173041301}.Debug|x86.ActiveCfg = Debug|Any CPU
		{4591D842-8015-4B19-8397-308173041301}.Debug|x86.Build.0 = Debug|Any CPU
		{4591D842-8015-4B19-8397-308173041301}.Gen|Any CPU.ActiveCfg = Gen|Any CPU
		{4591D842-8015-4B19-8397-308173041301}.Gen|Any CPU.Build.0 = Gen|Any CPU
		{4591D842-8015-4B19-8397-308173041301}.Gen|x64.ActiveCfg = Gen|Any CPU
		{4591D842-8015-4B19-8397-308173041301}.Gen|x64.Build.0 = Gen|Any CPU
		{4591D842-8015-4B19-8397-308173041301}.Gen|x86.ActiveCfg = Gen|Any CPU
		{4591D842-8015-4B19-8397-308173041301}.Gen|x86.Build.0 = Gen|Any CPU
		{4591D842-8015-4B19-8397-308173041301}.Release|Any CPU.ActiveCfg = Release|Any CPU
		{4591D842-8015-4B19-8397-308173041301}.Release|Any CPU.Build.0 = Release|Any CPU
		{4591D842-8015-4B19-8397-308173041301}.Release|x64.ActiveCfg = Release|Any CPU
		{4591D842-8015-4B19-8397-308173041301}.Release|x64.Build.0 = Release|Any CPU
		{4591D842-8015-4B19-8397-308173041301}.Release|x86.ActiveCfg = Release|Any CPU
		{4591D842-8015-4B19-8397-308173041301}.Release|x86.Build.0 = Release|Any CPU
		{90BA5F8B-4BC3-407F-967D-846DD96E79FD}.Debug|Any CPU.ActiveCfg = Debug|Any CPU
		{90BA5F8B-4BC3-407F-967D-846DD96E79FD}.Debug|Any CPU.Build.0 = Debug|Any CPU
		{90BA5F8B-4BC3-407F-967D-846DD96E79FD}.Debug|x64.ActiveCfg = Debug|Any CPU
		{90BA5F8B-4BC3-407F-967D-846DD96E79FD}.Debug|x64.Build.0 = Debug|Any CPU
		{90BA5F8B-4BC3-407F-967D-846DD96E79FD}.Debug|x86.ActiveCfg = Debug|Any CPU
		{90BA5F8B-4BC3-407F-967D-846DD96E79FD}.Debug|x86.Build.0 = Debug|Any CPU
		{90BA5F8B-4BC3-407F-967D-846DD96E79FD}.Gen|Any CPU.ActiveCfg = Gen|Any CPU
		{90BA5F8B-4BC3-407F-967D-846DD96E79FD}.Gen|Any CPU.Build.0 = Gen|Any CPU
		{90BA5F8B-4BC3-407F-967D-846DD96E79FD}.Gen|x64.ActiveCfg = Gen|Any CPU
		{90BA5F8B-4BC3-407F-967D-846DD96E79FD}.Gen|x64.Build.0 = Gen|Any CPU
		{90BA5F8B-4BC3-407F-967D-846DD96E79FD}.Gen|x86.ActiveCfg = Gen|Any CPU
		{90BA5F8B-4BC3-407F-967D-846DD96E79FD}.Gen|x86.Build.0 = Gen|Any CPU
		{90BA5F8B-4BC3-407F-967D-846DD96E79FD}.Release|Any CPU.ActiveCfg = Release|Any CPU
		{90BA5F8B-4BC3-407F-967D-846DD96E79FD}.Release|Any CPU.Build.0 = Release|Any CPU
		{90BA5F8B-4BC3-407F-967D-846DD96E79FD}.Release|x64.ActiveCfg = Release|Any CPU
		{90BA5F8B-4BC3-407F-967D-846DD96E79FD}.Release|x64.Build.0 = Release|Any CPU
		{90BA5F8B-4BC3-407F-967D-846DD96E79FD}.Release|x86.ActiveCfg = Release|Any CPU
		{90BA5F8B-4BC3-407F-967D-846DD96E79FD}.Release|x86.Build.0 = Release|Any CPU
		{5749AA93-08CE-44F4-B8EB-AA4DA7D84359}.Debug|Any CPU.ActiveCfg = Debug|Any CPU
		{5749AA93-08CE-44F4-B8EB-AA4DA7D84359}.Debug|Any CPU.Build.0 = Debug|Any CPU
		{5749AA93-08CE-44F4-B8EB-AA4DA7D84359}.Debug|x64.ActiveCfg = Debug|Any CPU
		{5749AA93-08CE-44F4-B8EB-AA4DA7D84359}.Debug|x64.Build.0 = Debug|Any CPU
		{5749AA93-08CE-44F4-B8EB-AA4DA7D84359}.Debug|x86.ActiveCfg = Debug|Any CPU
		{5749AA93-08CE-44F4-B8EB-AA4DA7D84359}.Debug|x86.Build.0 = Debug|Any CPU
		{5749AA93-08CE-44F4-B8EB-AA4DA7D84359}.Gen|Any CPU.ActiveCfg = Gen|Any CPU
		{5749AA93-08CE-44F4-B8EB-AA4DA7D84359}.Gen|Any CPU.Build.0 = Gen|Any CPU
		{5749AA93-08CE-44F4-B8EB-AA4DA7D84359}.Gen|x64.ActiveCfg = Gen|Any CPU
		{5749AA93-08CE-44F4-B8EB-AA4DA7D84359}.Gen|x64.Build.0 = Gen|Any CPU
		{5749AA93-08CE-44F4-B8EB-AA4DA7D84359}.Gen|x86.ActiveCfg = Gen|Any CPU
		{5749AA93-08CE-44F4-B8EB-AA4DA7D84359}.Gen|x86.Build.0 = Gen|Any CPU
		{5749AA93-08CE-44F4-B8EB-AA4DA7D84359}.Release|Any CPU.ActiveCfg = Release|Any CPU
		{5749AA93-08CE-44F4-B8EB-AA4DA7D84359}.Release|Any CPU.Build.0 = Release|Any CPU
		{5749AA93-08CE-44F4-B8EB-AA4DA7D84359}.Release|x64.ActiveCfg = Release|Any CPU
		{5749AA93-08CE-44F4-B8EB-AA4DA7D84359}.Release|x64.Build.0 = Release|Any CPU
		{5749AA93-08CE-44F4-B8EB-AA4DA7D84359}.Release|x86.ActiveCfg = Release|Any CPU
		{5749AA93-08CE-44F4-B8EB-AA4DA7D84359}.Release|x86.Build.0 = Release|Any CPU
		{0883AA8B-1B5A-448B-9CAB-06DA451967DA}.Debug|Any CPU.ActiveCfg = Release|Any CPU
		{0883AA8B-1B5A-448B-9CAB-06DA451967DA}.Debug|Any CPU.Build.0 = Release|Any CPU
		{0883AA8B-1B5A-448B-9CAB-06DA451967DA}.Debug|x64.ActiveCfg = Debug|Any CPU
		{0883AA8B-1B5A-448B-9CAB-06DA451967DA}.Debug|x64.Build.0 = Debug|Any CPU
		{0883AA8B-1B5A-448B-9CAB-06DA451967DA}.Debug|x86.ActiveCfg = Debug|Any CPU
		{0883AA8B-1B5A-448B-9CAB-06DA451967DA}.Debug|x86.Build.0 = Debug|Any CPU
		{0883AA8B-1B5A-448B-9CAB-06DA451967DA}.Gen|Any CPU.ActiveCfg = Gen|Any CPU
		{0883AA8B-1B5A-448B-9CAB-06DA451967DA}.Gen|Any CPU.Build.0 = Gen|Any CPU
		{0883AA8B-1B5A-448B-9CAB-06DA451967DA}.Gen|x64.ActiveCfg = Gen|Any CPU
		{0883AA8B-1B5A-448B-9CAB-06DA451967DA}.Gen|x64.Build.0 = Gen|Any CPU
		{0883AA8B-1B5A-448B-9CAB-06DA451967DA}.Gen|x86.ActiveCfg = Gen|Any CPU
		{0883AA8B-1B5A-448B-9CAB-06DA451967DA}.Gen|x86.Build.0 = Gen|Any CPU
		{0883AA8B-1B5A-448B-9CAB-06DA451967DA}.Release|Any CPU.ActiveCfg = Release|Any CPU
		{0883AA8B-1B5A-448B-9CAB-06DA451967DA}.Release|Any CPU.Build.0 = Release|Any CPU
		{0883AA8B-1B5A-448B-9CAB-06DA451967DA}.Release|x64.ActiveCfg = Release|Any CPU
		{0883AA8B-1B5A-448B-9CAB-06DA451967DA}.Release|x64.Build.0 = Release|Any CPU
		{0883AA8B-1B5A-448B-9CAB-06DA451967DA}.Release|x86.ActiveCfg = Release|Any CPU
		{0883AA8B-1B5A-448B-9CAB-06DA451967DA}.Release|x86.Build.0 = Release|Any CPU
		{E9A6631E-835B-89EA-1E3B-3742EA968677}.Debug|Any CPU.ActiveCfg = Debug|Any CPU
		{E9A6631E-835B-89EA-1E3B-3742EA968677}.Debug|Any CPU.Build.0 = Debug|Any CPU
		{E9A6631E-835B-89EA-1E3B-3742EA968677}.Debug|x64.ActiveCfg = Debug|Any CPU
		{E9A6631E-835B-89EA-1E3B-3742EA968677}.Debug|x64.Build.0 = Debug|Any CPU
		{E9A6631E-835B-89EA-1E3B-3742EA968677}.Debug|x86.ActiveCfg = Debug|Any CPU
		{E9A6631E-835B-89EA-1E3B-3742EA968677}.Debug|x86.Build.0 = Debug|Any CPU
		{E9A6631E-835B-89EA-1E3B-3742EA968677}.Gen|Any CPU.ActiveCfg = Gen|Any CPU
		{E9A6631E-835B-89EA-1E3B-3742EA968677}.Gen|Any CPU.Build.0 = Gen|Any CPU
		{E9A6631E-835B-89EA-1E3B-3742EA968677}.Gen|x64.ActiveCfg = Gen|Any CPU
		{E9A6631E-835B-89EA-1E3B-3742EA968677}.Gen|x64.Build.0 = Gen|Any CPU
		{E9A6631E-835B-89EA-1E3B-3742EA968677}.Gen|x86.ActiveCfg = Gen|Any CPU
		{E9A6631E-835B-89EA-1E3B-3742EA968677}.Gen|x86.Build.0 = Gen|Any CPU
		{E9A6631E-835B-89EA-1E3B-3742EA968677}.Release|Any CPU.ActiveCfg = Release|Any CPU
		{E9A6631E-835B-89EA-1E3B-3742EA968677}.Release|Any CPU.Build.0 = Release|Any CPU
		{E9A6631E-835B-89EA-1E3B-3742EA968677}.Release|x64.ActiveCfg = Release|Any CPU
		{E9A6631E-835B-89EA-1E3B-3742EA968677}.Release|x64.Build.0 = Release|Any CPU
		{E9A6631E-835B-89EA-1E3B-3742EA968677}.Release|x86.ActiveCfg = Release|Any CPU
		{E9A6631E-835B-89EA-1E3B-3742EA968677}.Release|x86.Build.0 = Release|Any CPU
		{651ADBF2-F4C1-48B5-BD6D-1E7A44C543D8}.Debug|Any CPU.ActiveCfg = Debug|Any CPU
		{651ADBF2-F4C1-48B5-BD6D-1E7A44C543D8}.Debug|Any CPU.Build.0 = Debug|Any CPU
		{651ADBF2-F4C1-48B5-BD6D-1E7A44C543D8}.Debug|x64.ActiveCfg = Debug|Any CPU
		{651ADBF2-F4C1-48B5-BD6D-1E7A44C543D8}.Debug|x64.Build.0 = Debug|Any CPU
		{651ADBF2-F4C1-48B5-BD6D-1E7A44C543D8}.Debug|x86.ActiveCfg = Debug|Any CPU
		{651ADBF2-F4C1-48B5-BD6D-1E7A44C543D8}.Debug|x86.Build.0 = Debug|Any CPU
		{651ADBF2-F4C1-48B5-BD6D-1E7A44C543D8}.Gen|Any CPU.ActiveCfg = Gen|Any CPU
		{651ADBF2-F4C1-48B5-BD6D-1E7A44C543D8}.Gen|Any CPU.Build.0 = Gen|Any CPU
		{651ADBF2-F4C1-48B5-BD6D-1E7A44C543D8}.Gen|x64.ActiveCfg = Gen|Any CPU
		{651ADBF2-F4C1-48B5-BD6D-1E7A44C543D8}.Gen|x64.Build.0 = Gen|Any CPU
		{651ADBF2-F4C1-48B5-BD6D-1E7A44C543D8}.Gen|x86.ActiveCfg = Gen|Any CPU
		{651ADBF2-F4C1-48B5-BD6D-1E7A44C543D8}.Gen|x86.Build.0 = Gen|Any CPU
		{651ADBF2-F4C1-48B5-BD6D-1E7A44C543D8}.Release|Any CPU.ActiveCfg = Release|Any CPU
		{651ADBF2-F4C1-48B5-BD6D-1E7A44C543D8}.Release|Any CPU.Build.0 = Release|Any CPU
		{651ADBF2-F4C1-48B5-BD6D-1E7A44C543D8}.Release|x64.ActiveCfg = Release|Any CPU
		{651ADBF2-F4C1-48B5-BD6D-1E7A44C543D8}.Release|x64.Build.0 = Release|Any CPU
		{651ADBF2-F4C1-48B5-BD6D-1E7A44C543D8}.Release|x86.ActiveCfg = Release|Any CPU
		{651ADBF2-F4C1-48B5-BD6D-1E7A44C543D8}.Release|x86.Build.0 = Release|Any CPU
		{8D92BC21-8FC6-2997-95C5-86CC54D90CE9}.Debug|Any CPU.ActiveCfg = Debug|Any CPU
		{8D92BC21-8FC6-2997-95C5-86CC54D90CE9}.Debug|Any CPU.Build.0 = Debug|Any CPU
		{8D92BC21-8FC6-2997-95C5-86CC54D90CE9}.Debug|x64.ActiveCfg = Debug|Any CPU
		{8D92BC21-8FC6-2997-95C5-86CC54D90CE9}.Debug|x64.Build.0 = Debug|Any CPU
		{8D92BC21-8FC6-2997-95C5-86CC54D90CE9}.Debug|x86.ActiveCfg = Debug|Any CPU
		{8D92BC21-8FC6-2997-95C5-86CC54D90CE9}.Debug|x86.Build.0 = Debug|Any CPU
		{8D92BC21-8FC6-2997-95C5-86CC54D90CE9}.Gen|Any CPU.ActiveCfg = Gen|Any CPU
		{8D92BC21-8FC6-2997-95C5-86CC54D90CE9}.Gen|Any CPU.Build.0 = Gen|Any CPU
		{8D92BC21-8FC6-2997-95C5-86CC54D90CE9}.Gen|x64.ActiveCfg = Gen|Any CPU
		{8D92BC21-8FC6-2997-95C5-86CC54D90CE9}.Gen|x64.Build.0 = Gen|Any CPU
		{8D92BC21-8FC6-2997-95C5-86CC54D90CE9}.Gen|x86.ActiveCfg = Gen|Any CPU
		{8D92BC21-8FC6-2997-95C5-86CC54D90CE9}.Gen|x86.Build.0 = Gen|Any CPU
		{8D92BC21-8FC6-2997-95C5-86CC54D90CE9}.Release|Any CPU.ActiveCfg = Release|Any CPU
		{8D92BC21-8FC6-2997-95C5-86CC54D90CE9}.Release|Any CPU.Build.0 = Release|Any CPU
		{8D92BC21-8FC6-2997-95C5-86CC54D90CE9}.Release|x64.ActiveCfg = Release|Any CPU
		{8D92BC21-8FC6-2997-95C5-86CC54D90CE9}.Release|x64.Build.0 = Release|Any CPU
		{8D92BC21-8FC6-2997-95C5-86CC54D90CE9}.Release|x86.ActiveCfg = Release|Any CPU
		{8D92BC21-8FC6-2997-95C5-86CC54D90CE9}.Release|x86.Build.0 = Release|Any CPU
		{0E8351E2-0994-4FCF-9EF3-07E12E48E12B}.Debug|Any CPU.ActiveCfg = Debug|Any CPU
		{0E8351E2-0994-4FCF-9EF3-07E12E48E12B}.Debug|Any CPU.Build.0 = Debug|Any CPU
		{0E8351E2-0994-4FCF-9EF3-07E12E48E12B}.Debug|x64.ActiveCfg = Debug|Any CPU
		{0E8351E2-0994-4FCF-9EF3-07E12E48E12B}.Debug|x64.Build.0 = Debug|Any CPU
		{0E8351E2-0994-4FCF-9EF3-07E12E48E12B}.Debug|x86.ActiveCfg = Debug|Any CPU
		{0E8351E2-0994-4FCF-9EF3-07E12E48E12B}.Debug|x86.Build.0 = Debug|Any CPU
		{0E8351E2-0994-4FCF-9EF3-07E12E48E12B}.Gen|Any CPU.ActiveCfg = Gen|Any CPU
		{0E8351E2-0994-4FCF-9EF3-07E12E48E12B}.Gen|Any CPU.Build.0 = Gen|Any CPU
		{0E8351E2-0994-4FCF-9EF3-07E12E48E12B}.Gen|x64.ActiveCfg = Gen|Any CPU
		{0E8351E2-0994-4FCF-9EF3-07E12E48E12B}.Gen|x64.Build.0 = Gen|Any CPU
		{0E8351E2-0994-4FCF-9EF3-07E12E48E12B}.Gen|x86.ActiveCfg = Gen|Any CPU
		{0E8351E2-0994-4FCF-9EF3-07E12E48E12B}.Gen|x86.Build.0 = Gen|Any CPU
		{0E8351E2-0994-4FCF-9EF3-07E12E48E12B}.Release|Any CPU.ActiveCfg = Release|Any CPU
		{0E8351E2-0994-4FCF-9EF3-07E12E48E12B}.Release|Any CPU.Build.0 = Release|Any CPU
		{0E8351E2-0994-4FCF-9EF3-07E12E48E12B}.Release|x64.ActiveCfg = Release|Any CPU
		{0E8351E2-0994-4FCF-9EF3-07E12E48E12B}.Release|x64.Build.0 = Release|Any CPU
		{0E8351E2-0994-4FCF-9EF3-07E12E48E12B}.Release|x86.ActiveCfg = Release|Any CPU
		{0E8351E2-0994-4FCF-9EF3-07E12E48E12B}.Release|x86.Build.0 = Release|Any CPU
		{7D50CCB6-E864-4DCF-AE1C-40840BD9311B}.Debug|Any CPU.ActiveCfg = Debug|Any CPU
		{7D50CCB6-E864-4DCF-AE1C-40840BD9311B}.Debug|Any CPU.Build.0 = Debug|Any CPU
		{7D50CCB6-E864-4DCF-AE1C-40840BD9311B}.Debug|x64.ActiveCfg = Debug|Any CPU
		{7D50CCB6-E864-4DCF-AE1C-40840BD9311B}.Debug|x64.Build.0 = Debug|Any CPU
		{7D50CCB6-E864-4DCF-AE1C-40840BD9311B}.Debug|x86.ActiveCfg = Debug|Any CPU
		{7D50CCB6-E864-4DCF-AE1C-40840BD9311B}.Debug|x86.Build.0 = Debug|Any CPU
		{7D50CCB6-E864-4DCF-AE1C-40840BD9311B}.Gen|Any CPU.ActiveCfg = Gen|Any CPU
		{7D50CCB6-E864-4DCF-AE1C-40840BD9311B}.Gen|Any CPU.Build.0 = Gen|Any CPU
		{7D50CCB6-E864-4DCF-AE1C-40840BD9311B}.Gen|x64.ActiveCfg = Gen|Any CPU
		{7D50CCB6-E864-4DCF-AE1C-40840BD9311B}.Gen|x64.Build.0 = Gen|Any CPU
		{7D50CCB6-E864-4DCF-AE1C-40840BD9311B}.Gen|x86.ActiveCfg = Gen|Any CPU
		{7D50CCB6-E864-4DCF-AE1C-40840BD9311B}.Gen|x86.Build.0 = Gen|Any CPU
		{7D50CCB6-E864-4DCF-AE1C-40840BD9311B}.Release|Any CPU.ActiveCfg = Release|Any CPU
		{7D50CCB6-E864-4DCF-AE1C-40840BD9311B}.Release|Any CPU.Build.0 = Release|Any CPU
		{7D50CCB6-E864-4DCF-AE1C-40840BD9311B}.Release|x64.ActiveCfg = Release|Any CPU
		{7D50CCB6-E864-4DCF-AE1C-40840BD9311B}.Release|x64.Build.0 = Release|Any CPU
		{7D50CCB6-E864-4DCF-AE1C-40840BD9311B}.Release|x86.ActiveCfg = Release|Any CPU
		{7D50CCB6-E864-4DCF-AE1C-40840BD9311B}.Release|x86.Build.0 = Release|Any CPU
		{2ED8E4A9-46D8-48D3-9F03-DFEA967A53D9}.Debug|Any CPU.ActiveCfg = Debug|Any CPU
		{2ED8E4A9-46D8-48D3-9F03-DFEA967A53D9}.Debug|Any CPU.Build.0 = Debug|Any CPU
		{2ED8E4A9-46D8-48D3-9F03-DFEA967A53D9}.Debug|x64.ActiveCfg = Debug|Any CPU
		{2ED8E4A9-46D8-48D3-9F03-DFEA967A53D9}.Debug|x64.Build.0 = Debug|Any CPU
		{2ED8E4A9-46D8-48D3-9F03-DFEA967A53D9}.Debug|x86.ActiveCfg = Debug|Any CPU
		{2ED8E4A9-46D8-48D3-9F03-DFEA967A53D9}.Debug|x86.Build.0 = Debug|Any CPU
		{2ED8E4A9-46D8-48D3-9F03-DFEA967A53D9}.Gen|Any CPU.ActiveCfg = Gen|Any CPU
		{2ED8E4A9-46D8-48D3-9F03-DFEA967A53D9}.Gen|Any CPU.Build.0 = Gen|Any CPU
		{2ED8E4A9-46D8-48D3-9F03-DFEA967A53D9}.Gen|x64.ActiveCfg = Gen|Any CPU
		{2ED8E4A9-46D8-48D3-9F03-DFEA967A53D9}.Gen|x64.Build.0 = Gen|Any CPU
		{2ED8E4A9-46D8-48D3-9F03-DFEA967A53D9}.Gen|x86.ActiveCfg = Gen|Any CPU
		{2ED8E4A9-46D8-48D3-9F03-DFEA967A53D9}.Gen|x86.Build.0 = Gen|Any CPU
		{2ED8E4A9-46D8-48D3-9F03-DFEA967A53D9}.Release|Any CPU.ActiveCfg = Release|Any CPU
		{2ED8E4A9-46D8-48D3-9F03-DFEA967A53D9}.Release|Any CPU.Build.0 = Release|Any CPU
		{2ED8E4A9-46D8-48D3-9F03-DFEA967A53D9}.Release|x64.ActiveCfg = Release|Any CPU
		{2ED8E4A9-46D8-48D3-9F03-DFEA967A53D9}.Release|x64.Build.0 = Release|Any CPU
		{2ED8E4A9-46D8-48D3-9F03-DFEA967A53D9}.Release|x86.ActiveCfg = Release|Any CPU
		{2ED8E4A9-46D8-48D3-9F03-DFEA967A53D9}.Release|x86.Build.0 = Release|Any CPU
		{D59D35F3-578A-46E6-8B34-6AD37B144951}.Debug|Any CPU.ActiveCfg = Debug|Any CPU
		{D59D35F3-578A-46E6-8B34-6AD37B144951}.Debug|Any CPU.Build.0 = Debug|Any CPU
		{D59D35F3-578A-46E6-8B34-6AD37B144951}.Debug|x64.ActiveCfg = Debug|Any CPU
		{D59D35F3-578A-46E6-8B34-6AD37B144951}.Debug|x64.Build.0 = Debug|Any CPU
		{D59D35F3-578A-46E6-8B34-6AD37B144951}.Debug|x86.ActiveCfg = Debug|Any CPU
		{D59D35F3-578A-46E6-8B34-6AD37B144951}.Debug|x86.Build.0 = Debug|Any CPU
		{D59D35F3-578A-46E6-8B34-6AD37B144951}.Gen|Any CPU.ActiveCfg = Gen|Any CPU
		{D59D35F3-578A-46E6-8B34-6AD37B144951}.Gen|Any CPU.Build.0 = Gen|Any CPU
		{D59D35F3-578A-46E6-8B34-6AD37B144951}.Gen|x64.ActiveCfg = Gen|Any CPU
		{D59D35F3-578A-46E6-8B34-6AD37B144951}.Gen|x64.Build.0 = Gen|Any CPU
		{D59D35F3-578A-46E6-8B34-6AD37B144951}.Gen|x86.ActiveCfg = Gen|Any CPU
		{D59D35F3-578A-46E6-8B34-6AD37B144951}.Gen|x86.Build.0 = Gen|Any CPU
		{D59D35F3-578A-46E6-8B34-6AD37B144951}.Release|Any CPU.ActiveCfg = Release|Any CPU
		{D59D35F3-578A-46E6-8B34-6AD37B144951}.Release|Any CPU.Build.0 = Release|Any CPU
		{D59D35F3-578A-46E6-8B34-6AD37B144951}.Release|x64.ActiveCfg = Release|Any CPU
		{D59D35F3-578A-46E6-8B34-6AD37B144951}.Release|x64.Build.0 = Release|Any CPU
		{D59D35F3-578A-46E6-8B34-6AD37B144951}.Release|x86.ActiveCfg = Release|Any CPU
		{D59D35F3-578A-46E6-8B34-6AD37B144951}.Release|x86.Build.0 = Release|Any CPU
		{EA1414F0-0787-45FB-B133-29095A0A32F9}.Debug|Any CPU.ActiveCfg = Debug|Any CPU
		{EA1414F0-0787-45FB-B133-29095A0A32F9}.Debug|Any CPU.Build.0 = Debug|Any CPU
		{EA1414F0-0787-45FB-B133-29095A0A32F9}.Debug|x64.ActiveCfg = Debug|Any CPU
		{EA1414F0-0787-45FB-B133-29095A0A32F9}.Debug|x64.Build.0 = Debug|Any CPU
		{EA1414F0-0787-45FB-B133-29095A0A32F9}.Debug|x86.ActiveCfg = Debug|Any CPU
		{EA1414F0-0787-45FB-B133-29095A0A32F9}.Debug|x86.Build.0 = Debug|Any CPU
		{EA1414F0-0787-45FB-B133-29095A0A32F9}.Gen|Any CPU.ActiveCfg = Gen|Any CPU
		{EA1414F0-0787-45FB-B133-29095A0A32F9}.Gen|Any CPU.Build.0 = Gen|Any CPU
		{EA1414F0-0787-45FB-B133-29095A0A32F9}.Gen|x64.ActiveCfg = Gen|Any CPU
		{EA1414F0-0787-45FB-B133-29095A0A32F9}.Gen|x64.Build.0 = Gen|Any CPU
		{EA1414F0-0787-45FB-B133-29095A0A32F9}.Gen|x86.ActiveCfg = Gen|Any CPU
		{EA1414F0-0787-45FB-B133-29095A0A32F9}.Gen|x86.Build.0 = Gen|Any CPU
		{EA1414F0-0787-45FB-B133-29095A0A32F9}.Release|Any CPU.ActiveCfg = Release|Any CPU
		{EA1414F0-0787-45FB-B133-29095A0A32F9}.Release|Any CPU.Build.0 = Release|Any CPU
		{EA1414F0-0787-45FB-B133-29095A0A32F9}.Release|x64.ActiveCfg = Release|Any CPU
		{EA1414F0-0787-45FB-B133-29095A0A32F9}.Release|x64.Build.0 = Release|Any CPU
		{EA1414F0-0787-45FB-B133-29095A0A32F9}.Release|x86.ActiveCfg = Release|Any CPU
		{EA1414F0-0787-45FB-B133-29095A0A32F9}.Release|x86.Build.0 = Release|Any CPU
		{09455244-D560-3B9B-0304-08F3F3006654}.Debug|Any CPU.ActiveCfg = Debug|Any CPU
		{09455244-D560-3B9B-0304-08F3F3006654}.Debug|Any CPU.Build.0 = Debug|Any CPU
		{09455244-D560-3B9B-0304-08F3F3006654}.Debug|x64.ActiveCfg = Debug|Any CPU
		{09455244-D560-3B9B-0304-08F3F3006654}.Debug|x64.Build.0 = Debug|Any CPU
		{09455244-D560-3B9B-0304-08F3F3006654}.Debug|x86.ActiveCfg = Debug|Any CPU
		{09455244-D560-3B9B-0304-08F3F3006654}.Debug|x86.Build.0 = Debug|Any CPU
		{09455244-D560-3B9B-0304-08F3F3006654}.Gen|Any CPU.ActiveCfg = Gen|Any CPU
		{09455244-D560-3B9B-0304-08F3F3006654}.Gen|Any CPU.Build.0 = Gen|Any CPU
		{09455244-D560-3B9B-0304-08F3F3006654}.Gen|x64.ActiveCfg = Gen|Any CPU
		{09455244-D560-3B9B-0304-08F3F3006654}.Gen|x64.Build.0 = Gen|Any CPU
		{09455244-D560-3B9B-0304-08F3F3006654}.Gen|x86.ActiveCfg = Gen|Any CPU
		{09455244-D560-3B9B-0304-08F3F3006654}.Gen|x86.Build.0 = Gen|Any CPU
		{09455244-D560-3B9B-0304-08F3F3006654}.Release|Any CPU.ActiveCfg = Release|Any CPU
		{09455244-D560-3B9B-0304-08F3F3006654}.Release|Any CPU.Build.0 = Release|Any CPU
		{09455244-D560-3B9B-0304-08F3F3006654}.Release|x64.ActiveCfg = Release|Any CPU
		{09455244-D560-3B9B-0304-08F3F3006654}.Release|x64.Build.0 = Release|Any CPU
		{09455244-D560-3B9B-0304-08F3F3006654}.Release|x86.ActiveCfg = Release|Any CPU
		{09455244-D560-3B9B-0304-08F3F3006654}.Release|x86.Build.0 = Release|Any CPU
		{2583BC91-84BA-443D-9694-D2243E179F7D}.Debug|Any CPU.ActiveCfg = Debug|Any CPU
		{2583BC91-84BA-443D-9694-D2243E179F7D}.Debug|Any CPU.Build.0 = Debug|Any CPU
		{2583BC91-84BA-443D-9694-D2243E179F7D}.Debug|x64.ActiveCfg = Debug|Any CPU
		{2583BC91-84BA-443D-9694-D2243E179F7D}.Debug|x64.Build.0 = Debug|Any CPU
		{2583BC91-84BA-443D-9694-D2243E179F7D}.Debug|x86.ActiveCfg = Debug|Any CPU
		{2583BC91-84BA-443D-9694-D2243E179F7D}.Debug|x86.Build.0 = Debug|Any CPU
		{2583BC91-84BA-443D-9694-D2243E179F7D}.Gen|Any CPU.ActiveCfg = Gen|Any CPU
		{2583BC91-84BA-443D-9694-D2243E179F7D}.Gen|Any CPU.Build.0 = Gen|Any CPU
		{2583BC91-84BA-443D-9694-D2243E179F7D}.Gen|x64.ActiveCfg = Gen|Any CPU
		{2583BC91-84BA-443D-9694-D2243E179F7D}.Gen|x64.Build.0 = Gen|Any CPU
		{2583BC91-84BA-443D-9694-D2243E179F7D}.Gen|x86.ActiveCfg = Gen|Any CPU
		{2583BC91-84BA-443D-9694-D2243E179F7D}.Gen|x86.Build.0 = Gen|Any CPU
		{2583BC91-84BA-443D-9694-D2243E179F7D}.Release|Any CPU.ActiveCfg = Release|Any CPU
		{2583BC91-84BA-443D-9694-D2243E179F7D}.Release|Any CPU.Build.0 = Release|Any CPU
		{2583BC91-84BA-443D-9694-D2243E179F7D}.Release|x64.ActiveCfg = Release|Any CPU
		{2583BC91-84BA-443D-9694-D2243E179F7D}.Release|x64.Build.0 = Release|Any CPU
		{2583BC91-84BA-443D-9694-D2243E179F7D}.Release|x86.ActiveCfg = Release|Any CPU
		{2583BC91-84BA-443D-9694-D2243E179F7D}.Release|x86.Build.0 = Release|Any CPU
		{5DB88505-12C3-473A-93A9-72BB58A800A2}.Debug|Any CPU.ActiveCfg = Debug|Any CPU
		{5DB88505-12C3-473A-93A9-72BB58A800A2}.Debug|Any CPU.Build.0 = Debug|Any CPU
		{5DB88505-12C3-473A-93A9-72BB58A800A2}.Debug|x64.ActiveCfg = Debug|Any CPU
		{5DB88505-12C3-473A-93A9-72BB58A800A2}.Debug|x64.Build.0 = Debug|Any CPU
		{5DB88505-12C3-473A-93A9-72BB58A800A2}.Debug|x86.ActiveCfg = Debug|Any CPU
		{5DB88505-12C3-473A-93A9-72BB58A800A2}.Debug|x86.Build.0 = Debug|Any CPU
		{5DB88505-12C3-473A-93A9-72BB58A800A2}.Gen|Any CPU.ActiveCfg = Gen|Any CPU
		{5DB88505-12C3-473A-93A9-72BB58A800A2}.Gen|Any CPU.Build.0 = Gen|Any CPU
		{5DB88505-12C3-473A-93A9-72BB58A800A2}.Gen|x64.ActiveCfg = Gen|Any CPU
		{5DB88505-12C3-473A-93A9-72BB58A800A2}.Gen|x64.Build.0 = Gen|Any CPU
		{5DB88505-12C3-473A-93A9-72BB58A800A2}.Gen|x86.ActiveCfg = Gen|Any CPU
		{5DB88505-12C3-473A-93A9-72BB58A800A2}.Gen|x86.Build.0 = Gen|Any CPU
		{5DB88505-12C3-473A-93A9-72BB58A800A2}.Release|Any CPU.ActiveCfg = Release|Any CPU
		{5DB88505-12C3-473A-93A9-72BB58A800A2}.Release|Any CPU.Build.0 = Release|Any CPU
		{5DB88505-12C3-473A-93A9-72BB58A800A2}.Release|x64.ActiveCfg = Release|Any CPU
		{5DB88505-12C3-473A-93A9-72BB58A800A2}.Release|x64.Build.0 = Release|Any CPU
		{5DB88505-12C3-473A-93A9-72BB58A800A2}.Release|x86.ActiveCfg = Release|Any CPU
		{5DB88505-12C3-473A-93A9-72BB58A800A2}.Release|x86.Build.0 = Release|Any CPU
	EndGlobalSection
	GlobalSection(SolutionProperties) = preSolution
		HideSolutionNode = FALSE
	EndGlobalSection
	GlobalSection(NestedProjects) = preSolution
		{45D90BEF-AE56-430E-9351-DFB7FFCBE717} = {D296B7BF-7277-4029-A22E-EE13031479E7}
		{CB1F59CB-F586-48BF-9A51-F57F0C843331} = {45D90BEF-AE56-430E-9351-DFB7FFCBE717}
		{776E4A5C-9280-4139-BDC8-B6EF9F2E2FE7} = {BF7A8F35-38ED-48E8-8368-200E13753216}
		{E263A5DB-A3E6-46E0-AD1D-0B1D0FFB8F1B} = {BF7A8F35-38ED-48E8-8368-200E13753216}
		{03D1616D-3173-4BE9-9553-E0F193C92EBA} = {BF7A8F35-38ED-48E8-8368-200E13753216}
		{E28A0B42-B07C-4BA4-B37B-6D90F0A315C1} = {CB1F59CB-F586-48BF-9A51-F57F0C843331}
		{9BB95B24-CB2E-4B8D-900C-3A79F25E8653} = {E28A0B42-B07C-4BA4-B37B-6D90F0A315C1}
		{1DF56E5A-F3BD-40D6-A2FE-B53123DB1139} = {E28A0B42-B07C-4BA4-B37B-6D90F0A315C1}
		{6B71983F-EF79-4860-B015-97F05BFA39AE} = {CB1F59CB-F586-48BF-9A51-F57F0C843331}
		{DACA1C5B-1045-409E-BCE7-E596C0F3C1EB} = {CB1F59CB-F586-48BF-9A51-F57F0C843331}
		{C0B1523B-C34F-4B2F-BA4D-DF5DFDCE5F3B} = {CB1F59CB-F586-48BF-9A51-F57F0C843331}
		{464A93C1-99F2-4E6F-B893-3880445A69F2} = {2A577C3E-B32E-427B-9475-7F09E61B1644}
		{4EC5D1AE-77BA-4BD2-B6EF-41A6050C6455} = {2A577C3E-B32E-427B-9475-7F09E61B1644}
		{7668D896-E9AC-4FB4-AFA7-17D0CF610F92} = {CB1F59CB-F586-48BF-9A51-F57F0C843331}
		{AFC31723-FFEC-4C4F-AB65-21A2AF57BAC6} = {7668D896-E9AC-4FB4-AFA7-17D0CF610F92}
		{A8F18BE8-E86E-4CF4-922B-911D04D98FC2} = {7668D896-E9AC-4FB4-AFA7-17D0CF610F92}
		{78291F2D-D5A4-40FE-9212-D23594D23FA8} = {2A577C3E-B32E-427B-9475-7F09E61B1644}
		{1DBA4032-0E71-469C-87ED-79F6E8C2E857} = {BF7A8F35-38ED-48E8-8368-200E13753216}
		{DA0D9F51-C4D8-42FA-943D-F2AECD9EF6C9} = {BF7A8F35-38ED-48E8-8368-200E13753216}
		{2892D150-8922-4CDE-AD60-0B3C99654CC7} = {470EB5B5-2EA7-402F-BD7F-A9A49911C29E}
		{7E9C34E5-99E4-48AC-A194-3529C4CC5DEA} = {470EB5B5-2EA7-402F-BD7F-A9A49911C29E}
		{EC2EBB46-2708-405E-918D-2A3085927FB2} = {7E9C34E5-99E4-48AC-A194-3529C4CC5DEA}
		{56669579-6070-4C54-8BA8-C238B67131C7} = {EC2EBB46-2708-405E-918D-2A3085927FB2}
		{F898B3E3-4382-4BBE-9FAA-2A9B5B9ECFEB} = {56669579-6070-4C54-8BA8-C238B67131C7}
		{4D9BC5CF-DAE6-4001-8A1C-4D517718CEC4} = {BF7A8F35-38ED-48E8-8368-200E13753216}
		{F67AC4F3-C512-48FE-8653-7CB56EC67299} = {4D9BC5CF-DAE6-4001-8A1C-4D517718CEC4}
		{DC6328A3-6F7F-45C5-92E8-244BA2C59553} = {4D9BC5CF-DAE6-4001-8A1C-4D517718CEC4}
		{F25233E5-E086-4661-89F2-274469EC3035} = {4D9BC5CF-DAE6-4001-8A1C-4D517718CEC4}
		{F8A9C3DC-38A6-4E4F-A253-2C08278FFFB8} = {4D9BC5CF-DAE6-4001-8A1C-4D517718CEC4}
		{9EAD706A-80A4-418C-9B7E-C4EDDC49663C} = {E73AE862-1C51-4558-BBCA-BA1A85501519}
		{F8CDE68E-4834-439E-93A7-A5C00F26E418} = {E73AE862-1C51-4558-BBCA-BA1A85501519}
		{4591D842-8015-4B19-8397-308173041301} = {E32ECE21-9483-4D63-88F2-94F81D02989E}
		{ADBEFB59-3750-4AFB-8ABC-320B37C183D8} = {CB1F59CB-F586-48BF-9A51-F57F0C843331}
		{90BA5F8B-4BC3-407F-967D-846DD96E79FD} = {ADBEFB59-3750-4AFB-8ABC-320B37C183D8}
		{5749AA93-08CE-44F4-B8EB-AA4DA7D84359} = {CB1F59CB-F586-48BF-9A51-F57F0C843331}
		{0883AA8B-1B5A-448B-9CAB-06DA451967DA} = {02EA681E-C7D8-13C7-8484-4AC65E1B71E8}
		{E9A6631E-835B-89EA-1E3B-3742EA968677} = {ADBEFB59-3750-4AFB-8ABC-320B37C183D8}
		{C8A9FAA5-6742-4837-B587-5CCFA102F45F} = {CB1F59CB-F586-48BF-9A51-F57F0C843331}
		{8D92BC21-8FC6-2997-95C5-86CC54D90CE9} = {C8A9FAA5-6742-4837-B587-5CCFA102F45F}
		{7F718183-E2B2-41F6-89CE-0C8FEBCFEDC6} = {D296B7BF-7277-4029-A22E-EE13031479E7}
		{6C81E6A0-E89E-4717-806B-17110A043E3F} = {7F718183-E2B2-41F6-89CE-0C8FEBCFEDC6}
		{0E8351E2-0994-4FCF-9EF3-07E12E48E12B} = {7F718183-E2B2-41F6-89CE-0C8FEBCFEDC6}
		{7D50CCB6-E864-4DCF-AE1C-40840BD9311B} = {6C81E6A0-E89E-4717-806B-17110A043E3F}
		{2ED8E4A9-46D8-48D3-9F03-DFEA967A53D9} = {6C81E6A0-E89E-4717-806B-17110A043E3F}
		{D59D35F3-578A-46E6-8B34-6AD37B144951} = {6C81E6A0-E89E-4717-806B-17110A043E3F}
		{EA1414F0-0787-45FB-B133-29095A0A32F9} = {7F718183-E2B2-41F6-89CE-0C8FEBCFEDC6}
		{10098330-4E08-435A-BEEF-8F9CBA5B4115} = {470EB5B5-2EA7-402F-BD7F-A9A49911C29E}
		{09455244-D560-3B9B-0304-08F3F3006654} = {B1A26EB1-30D2-4072-ACEE-0F23B71D23D1}
		{2583BC91-84BA-443D-9694-D2243E179F7D} = {7F718183-E2B2-41F6-89CE-0C8FEBCFEDC6}
		{EA35924D-FC67-4B5B-8468-1846F199E115} = {7F718183-E2B2-41F6-89CE-0C8FEBCFEDC6}
		{5DB88505-12C3-473A-93A9-72BB58A800A2} = {EA35924D-FC67-4B5B-8468-1846F199E115}
		{B1A26EB1-30D2-4072-ACEE-0F23B71D23D1} = {2A577C3E-B32E-427B-9475-7F09E61B1644}
		{04E686C1-DFA8-492A-9545-D12F817A3042} = {470EB5B5-2EA7-402F-BD7F-A9A49911C29E}
		{D1B3888A-65CD-4370-BC8D-25B6C190F62B} = {04E686C1-DFA8-492A-9545-D12F817A3042}
		{2D20C491-C7CA-4489-8BD0-D8301AD373FA} = {470EB5B5-2EA7-402F-BD7F-A9A49911C29E}
	EndGlobalSection
	GlobalSection(ExtensibilityGlobals) = postSolution
		SolutionGuid = {CF849979-7A01-419B-A9C7-8EA947DCD0C2}
	EndGlobalSection
EndGlobal
