
Microsoft Visual Studio Solution File, Format Version 12.00
# Visual Studio Version 17
VisualStudioVersion = 17.0.31903.59
MinimumVisualStudioVersion = 10.0.40219.1
Project("{9A19103F-16F7-4668-BE54-9A1E7A4F7556}") = "Eventualize.Core.Abstractions", "Eventualize.Core.Abstractions\Eventualize.Core.Abstractions.csproj", "{F9FD2738-8D6D-4356-BCB2-697A841B80E4}"
EndProject
Project("{2150E333-8FDC-42A3-9474-1A3956D46DE8}") = "Solution Items", "Solution Items", "{16E10BBC-8BCD-422B-8E3D-0C8D24BD4459}"
	ProjectSection(SolutionItems) = preProject
		.dockerignore = .dockerignore
		.gitattributes = .gitattributes
		.gitignore = .gitignore
		Directory.Build.props = Directory.Build.props
		docs\README.md = docs\README.md
	EndProjectSection
EndProject
Project("{2150E333-8FDC-42A3-9474-1A3956D46DE8}") = "Adapters", "Adapters", "{45D90BEF-AE56-430E-9351-DFB7FFCBE717}"
EndProject
Project("{2150E333-8FDC-42A3-9474-1A3956D46DE8}") = "Store", "Store", "{CB1F59CB-F586-48BF-9A51-F57F0C843331}"
EndProject
Project("{2150E333-8FDC-42A3-9474-1A3956D46DE8}") = "Tests", "Tests", "{BF7A8F35-38ED-48E8-8368-200E13753216}"
EndProject
Project("{9A19103F-16F7-4668-BE54-9A1E7A4F7556}") = "Eventualize.Core.IntegrationTests", "Tests\Eventualize.Core.IntegrationTests\Eventualize.Core.IntegrationTests.csproj", "{776E4A5C-9280-4139-BDC8-B6EF9F2E2FE7}"
EndProject
Project("{9A19103F-16F7-4668-BE54-9A1E7A4F7556}") = "Eventualize.Core.UnitTests", "Tests\Eventualize.Core.UnitTests\Eventualize.Core.UnitTests.csproj", "{E263A5DB-A3E6-46E0-AD1D-0B1D0FFB8F1B}"
EndProject
Project("{9A19103F-16F7-4668-BE54-9A1E7A4F7556}") = "Eventualize.Core", "Eventualize.Core\Eventualize.Core.csproj", "{114CFC3F-4798-4620-B9A2-F0DAA49E3609}"
EndProject
Project("{9A19103F-16F7-4668-BE54-9A1E7A4F7556}") = "Eventualize.Core.TestsHelper", "Tests\Eventualize.Core.TestsHelper\Eventualize.Core.TestsHelper.csproj", "{03D1616D-3173-4BE9-9553-E0F193C92EBA}"
EndProject
Project("{2150E333-8FDC-42A3-9474-1A3956D46DE8}") = "Sql", "Sql", "{E28A0B42-B07C-4BA4-B37B-6D90F0A315C1}"
EndProject
Project("{9A19103F-16F7-4668-BE54-9A1E7A4F7556}") = "Eventualize.Core.Adapters.SqlStore.Adapters", "Adapters\Store\Sql\Eventualize.Core.Adapters.SqlStore.Adapters\Eventualize.Core.Adapters.SqlStore.Adapters.csproj", "{9BB95B24-CB2E-4B8D-900C-3A79F25E8653}"
EndProject
Project("{9A19103F-16F7-4668-BE54-9A1E7A4F7556}") = "Eventualize.Core.Adapters.SqlStore.Migration", "Adapters\Store\Sql\Eventualize.Core.Adapters.SqlStore.Migration\Eventualize.Core.Adapters.SqlStore.Migration.csproj", "{1DF56E5A-F3BD-40D6-A2FE-B53123DB1139}"
EndProject
Project("{FAE04EC0-301F-11D3-BF4B-00C04F79EFBC}") = "Eventualize.Core.Adapters.SqlStore.Common", "Adapters\Store\Sql\Eventualize.Core.Adapters.SqlStore.Common\Eventualize.Core.Adapters.SqlStore.Common.csproj", "{CB19BE58-89DB-4FBB-8172-1A128FB1F39D}"
EndProject
Global
	GlobalSection(SolutionConfigurationPlatforms) = preSolution
		Debug|Any CPU = Debug|Any CPU
		Debug|x64 = Debug|x64
		Debug|x86 = Debug|x86
		Gen|Any CPU = Gen|Any CPU
		Gen|x64 = Gen|x64
		Gen|x86 = Gen|x86
		Release|Any CPU = Release|Any CPU
		Release|x64 = Release|x64
		Release|x86 = Release|x86
	EndGlobalSection
	GlobalSection(ProjectConfigurationPlatforms) = postSolution
		{F9FD2738-8D6D-4356-BCB2-697A841B80E4}.Debug|Any CPU.ActiveCfg = Debug|Any CPU
		{F9FD2738-8D6D-4356-BCB2-697A841B80E4}.Debug|Any CPU.Build.0 = Debug|Any CPU
		{F9FD2738-8D6D-4356-BCB2-697A841B80E4}.Debug|x64.ActiveCfg = Debug|Any CPU
		{F9FD2738-8D6D-4356-BCB2-697A841B80E4}.Debug|x64.Build.0 = Debug|Any CPU
		{F9FD2738-8D6D-4356-BCB2-697A841B80E4}.Debug|x86.ActiveCfg = Debug|Any CPU
		{F9FD2738-8D6D-4356-BCB2-697A841B80E4}.Debug|x86.Build.0 = Debug|Any CPU
		{F9FD2738-8D6D-4356-BCB2-697A841B80E4}.Gen|Any CPU.ActiveCfg = Gen|Any CPU
		{F9FD2738-8D6D-4356-BCB2-697A841B80E4}.Gen|Any CPU.Build.0 = Gen|Any CPU
		{F9FD2738-8D6D-4356-BCB2-697A841B80E4}.Gen|x64.ActiveCfg = Gen|Any CPU
		{F9FD2738-8D6D-4356-BCB2-697A841B80E4}.Gen|x64.Build.0 = Gen|Any CPU
		{F9FD2738-8D6D-4356-BCB2-697A841B80E4}.Gen|x86.ActiveCfg = Gen|Any CPU
		{F9FD2738-8D6D-4356-BCB2-697A841B80E4}.Gen|x86.Build.0 = Gen|Any CPU
		{F9FD2738-8D6D-4356-BCB2-697A841B80E4}.Release|Any CPU.ActiveCfg = Release|Any CPU
		{F9FD2738-8D6D-4356-BCB2-697A841B80E4}.Release|Any CPU.Build.0 = Release|Any CPU
		{F9FD2738-8D6D-4356-BCB2-697A841B80E4}.Release|x64.ActiveCfg = Release|Any CPU
		{F9FD2738-8D6D-4356-BCB2-697A841B80E4}.Release|x64.Build.0 = Release|Any CPU
		{F9FD2738-8D6D-4356-BCB2-697A841B80E4}.Release|x86.ActiveCfg = Release|Any CPU
		{F9FD2738-8D6D-4356-BCB2-697A841B80E4}.Release|x86.Build.0 = Release|Any CPU
		{776E4A5C-9280-4139-BDC8-B6EF9F2E2FE7}.Debug|Any CPU.ActiveCfg = Debug|Any CPU
		{776E4A5C-9280-4139-BDC8-B6EF9F2E2FE7}.Debug|Any CPU.Build.0 = Debug|Any CPU
		{776E4A5C-9280-4139-BDC8-B6EF9F2E2FE7}.Debug|x64.ActiveCfg = Debug|Any CPU
		{776E4A5C-9280-4139-BDC8-B6EF9F2E2FE7}.Debug|x64.Build.0 = Debug|Any CPU
		{776E4A5C-9280-4139-BDC8-B6EF9F2E2FE7}.Debug|x86.ActiveCfg = Debug|Any CPU
		{776E4A5C-9280-4139-BDC8-B6EF9F2E2FE7}.Debug|x86.Build.0 = Debug|Any CPU
		{776E4A5C-9280-4139-BDC8-B6EF9F2E2FE7}.Gen|Any CPU.ActiveCfg = Debug|Any CPU
		{776E4A5C-9280-4139-BDC8-B6EF9F2E2FE7}.Gen|Any CPU.Build.0 = Debug|Any CPU
		{776E4A5C-9280-4139-BDC8-B6EF9F2E2FE7}.Gen|x64.ActiveCfg = Debug|Any CPU
		{776E4A5C-9280-4139-BDC8-B6EF9F2E2FE7}.Gen|x64.Build.0 = Debug|Any CPU
		{776E4A5C-9280-4139-BDC8-B6EF9F2E2FE7}.Gen|x86.ActiveCfg = Debug|Any CPU
		{776E4A5C-9280-4139-BDC8-B6EF9F2E2FE7}.Gen|x86.Build.0 = Debug|Any CPU
		{776E4A5C-9280-4139-BDC8-B6EF9F2E2FE7}.Release|Any CPU.ActiveCfg = Release|Any CPU
		{776E4A5C-9280-4139-BDC8-B6EF9F2E2FE7}.Release|Any CPU.Build.0 = Release|Any CPU
		{776E4A5C-9280-4139-BDC8-B6EF9F2E2FE7}.Release|x64.ActiveCfg = Release|Any CPU
		{776E4A5C-9280-4139-BDC8-B6EF9F2E2FE7}.Release|x64.Build.0 = Release|Any CPU
		{776E4A5C-9280-4139-BDC8-B6EF9F2E2FE7}.Release|x86.ActiveCfg = Release|Any CPU
		{776E4A5C-9280-4139-BDC8-B6EF9F2E2FE7}.Release|x86.Build.0 = Release|Any CPU
		{E263A5DB-A3E6-46E0-AD1D-0B1D0FFB8F1B}.Debug|Any CPU.ActiveCfg = Debug|Any CPU
		{E263A5DB-A3E6-46E0-AD1D-0B1D0FFB8F1B}.Debug|Any CPU.Build.0 = Debug|Any CPU
		{E263A5DB-A3E6-46E0-AD1D-0B1D0FFB8F1B}.Debug|x64.ActiveCfg = Debug|Any CPU
		{E263A5DB-A3E6-46E0-AD1D-0B1D0FFB8F1B}.Debug|x64.Build.0 = Debug|Any CPU
		{E263A5DB-A3E6-46E0-AD1D-0B1D0FFB8F1B}.Debug|x86.ActiveCfg = Debug|Any CPU
		{E263A5DB-A3E6-46E0-AD1D-0B1D0FFB8F1B}.Debug|x86.Build.0 = Debug|Any CPU
		{E263A5DB-A3E6-46E0-AD1D-0B1D0FFB8F1B}.Gen|Any CPU.ActiveCfg = Debug|Any CPU
		{E263A5DB-A3E6-46E0-AD1D-0B1D0FFB8F1B}.Gen|Any CPU.Build.0 = Debug|Any CPU
		{E263A5DB-A3E6-46E0-AD1D-0B1D0FFB8F1B}.Gen|x64.ActiveCfg = Debug|Any CPU
		{E263A5DB-A3E6-46E0-AD1D-0B1D0FFB8F1B}.Gen|x64.Build.0 = Debug|Any CPU
		{E263A5DB-A3E6-46E0-AD1D-0B1D0FFB8F1B}.Gen|x86.ActiveCfg = Debug|Any CPU
		{E263A5DB-A3E6-46E0-AD1D-0B1D0FFB8F1B}.Gen|x86.Build.0 = Debug|Any CPU
		{E263A5DB-A3E6-46E0-AD1D-0B1D0FFB8F1B}.Release|Any CPU.ActiveCfg = Release|Any CPU
		{E263A5DB-A3E6-46E0-AD1D-0B1D0FFB8F1B}.Release|Any CPU.Build.0 = Release|Any CPU
		{E263A5DB-A3E6-46E0-AD1D-0B1D0FFB8F1B}.Release|x64.ActiveCfg = Release|Any CPU
		{E263A5DB-A3E6-46E0-AD1D-0B1D0FFB8F1B}.Release|x64.Build.0 = Release|Any CPU
		{E263A5DB-A3E6-46E0-AD1D-0B1D0FFB8F1B}.Release|x86.ActiveCfg = Release|Any CPU
		{E263A5DB-A3E6-46E0-AD1D-0B1D0FFB8F1B}.Release|x86.Build.0 = Release|Any CPU
		{114CFC3F-4798-4620-B9A2-F0DAA49E3609}.Debug|Any CPU.ActiveCfg = Debug|Any CPU
		{114CFC3F-4798-4620-B9A2-F0DAA49E3609}.Debug|Any CPU.Build.0 = Debug|Any CPU
		{114CFC3F-4798-4620-B9A2-F0DAA49E3609}.Debug|x64.ActiveCfg = Debug|Any CPU
		{114CFC3F-4798-4620-B9A2-F0DAA49E3609}.Debug|x64.Build.0 = Debug|Any CPU
		{114CFC3F-4798-4620-B9A2-F0DAA49E3609}.Debug|x86.ActiveCfg = Debug|Any CPU
		{114CFC3F-4798-4620-B9A2-F0DAA49E3609}.Debug|x86.Build.0 = Debug|Any CPU
		{114CFC3F-4798-4620-B9A2-F0DAA49E3609}.Gen|Any CPU.ActiveCfg = Debug|Any CPU
		{114CFC3F-4798-4620-B9A2-F0DAA49E3609}.Gen|Any CPU.Build.0 = Debug|Any CPU
		{114CFC3F-4798-4620-B9A2-F0DAA49E3609}.Gen|x64.ActiveCfg = Debug|Any CPU
		{114CFC3F-4798-4620-B9A2-F0DAA49E3609}.Gen|x64.Build.0 = Debug|Any CPU
		{114CFC3F-4798-4620-B9A2-F0DAA49E3609}.Gen|x86.ActiveCfg = Debug|Any CPU
		{114CFC3F-4798-4620-B9A2-F0DAA49E3609}.Gen|x86.Build.0 = Debug|Any CPU
		{114CFC3F-4798-4620-B9A2-F0DAA49E3609}.Release|Any CPU.ActiveCfg = Release|Any CPU
		{114CFC3F-4798-4620-B9A2-F0DAA49E3609}.Release|Any CPU.Build.0 = Release|Any CPU
		{114CFC3F-4798-4620-B9A2-F0DAA49E3609}.Release|x64.ActiveCfg = Release|Any CPU
		{114CFC3F-4798-4620-B9A2-F0DAA49E3609}.Release|x64.Build.0 = Release|Any CPU
		{114CFC3F-4798-4620-B9A2-F0DAA49E3609}.Release|x86.ActiveCfg = Release|Any CPU
		{114CFC3F-4798-4620-B9A2-F0DAA49E3609}.Release|x86.Build.0 = Release|Any CPU
		{03D1616D-3173-4BE9-9553-E0F193C92EBA}.Debug|Any CPU.ActiveCfg = Debug|Any CPU
		{03D1616D-3173-4BE9-9553-E0F193C92EBA}.Debug|Any CPU.Build.0 = Debug|Any CPU
		{03D1616D-3173-4BE9-9553-E0F193C92EBA}.Debug|x64.ActiveCfg = Debug|Any CPU
		{03D1616D-3173-4BE9-9553-E0F193C92EBA}.Debug|x64.Build.0 = Debug|Any CPU
		{03D1616D-3173-4BE9-9553-E0F193C92EBA}.Debug|x86.ActiveCfg = Debug|Any CPU
		{03D1616D-3173-4BE9-9553-E0F193C92EBA}.Debug|x86.Build.0 = Debug|Any CPU
		{03D1616D-3173-4BE9-9553-E0F193C92EBA}.Gen|Any CPU.ActiveCfg = Debug|Any CPU
		{03D1616D-3173-4BE9-9553-E0F193C92EBA}.Gen|Any CPU.Build.0 = Debug|Any CPU
		{03D1616D-3173-4BE9-9553-E0F193C92EBA}.Gen|x64.ActiveCfg = Debug|Any CPU
		{03D1616D-3173-4BE9-9553-E0F193C92EBA}.Gen|x64.Build.0 = Debug|Any CPU
		{03D1616D-3173-4BE9-9553-E0F193C92EBA}.Gen|x86.ActiveCfg = Debug|Any CPU
		{03D1616D-3173-4BE9-9553-E0F193C92EBA}.Gen|x86.Build.0 = Debug|Any CPU
		{03D1616D-3173-4BE9-9553-E0F193C92EBA}.Release|Any CPU.ActiveCfg = Release|Any CPU
		{03D1616D-3173-4BE9-9553-E0F193C92EBA}.Release|Any CPU.Build.0 = Release|Any CPU
		{03D1616D-3173-4BE9-9553-E0F193C92EBA}.Release|x64.ActiveCfg = Release|Any CPU
		{03D1616D-3173-4BE9-9553-E0F193C92EBA}.Release|x64.Build.0 = Release|Any CPU
		{03D1616D-3173-4BE9-9553-E0F193C92EBA}.Release|x86.ActiveCfg = Release|Any CPU
		{03D1616D-3173-4BE9-9553-E0F193C92EBA}.Release|x86.Build.0 = Release|Any CPU
		{9BB95B24-CB2E-4B8D-900C-3A79F25E8653}.Debug|Any CPU.ActiveCfg = Debug|Any CPU
		{9BB95B24-CB2E-4B8D-900C-3A79F25E8653}.Debug|Any CPU.Build.0 = Debug|Any CPU
		{9BB95B24-CB2E-4B8D-900C-3A79F25E8653}.Debug|x64.ActiveCfg = Debug|Any CPU
		{9BB95B24-CB2E-4B8D-900C-3A79F25E8653}.Debug|x64.Build.0 = Debug|Any CPU
		{9BB95B24-CB2E-4B8D-900C-3A79F25E8653}.Debug|x86.ActiveCfg = Debug|Any CPU
		{9BB95B24-CB2E-4B8D-900C-3A79F25E8653}.Debug|x86.Build.0 = Debug|Any CPU
		{9BB95B24-CB2E-4B8D-900C-3A79F25E8653}.Gen|Any CPU.ActiveCfg = Debug|Any CPU
		{9BB95B24-CB2E-4B8D-900C-3A79F25E8653}.Gen|Any CPU.Build.0 = Debug|Any CPU
		{9BB95B24-CB2E-4B8D-900C-3A79F25E8653}.Gen|x64.ActiveCfg = Debug|Any CPU
		{9BB95B24-CB2E-4B8D-900C-3A79F25E8653}.Gen|x64.Build.0 = Debug|Any CPU
		{9BB95B24-CB2E-4B8D-900C-3A79F25E8653}.Gen|x86.ActiveCfg = Debug|Any CPU
		{9BB95B24-CB2E-4B8D-900C-3A79F25E8653}.Gen|x86.Build.0 = Debug|Any CPU
		{9BB95B24-CB2E-4B8D-900C-3A79F25E8653}.Release|Any CPU.ActiveCfg = Release|Any CPU
		{9BB95B24-CB2E-4B8D-900C-3A79F25E8653}.Release|Any CPU.Build.0 = Release|Any CPU
		{9BB95B24-CB2E-4B8D-900C-3A79F25E8653}.Release|x64.ActiveCfg = Release|Any CPU
		{9BB95B24-CB2E-4B8D-900C-3A79F25E8653}.Release|x64.Build.0 = Release|Any CPU
		{9BB95B24-CB2E-4B8D-900C-3A79F25E8653}.Release|x86.ActiveCfg = Release|Any CPU
		{9BB95B24-CB2E-4B8D-900C-3A79F25E8653}.Release|x86.Build.0 = Release|Any CPU
		{1DF56E5A-F3BD-40D6-A2FE-B53123DB1139}.Debug|Any CPU.ActiveCfg = Debug|Any CPU
		{1DF56E5A-F3BD-40D6-A2FE-B53123DB1139}.Debug|Any CPU.Build.0 = Debug|Any CPU
		{1DF56E5A-F3BD-40D6-A2FE-B53123DB1139}.Debug|x64.ActiveCfg = Debug|Any CPU
		{1DF56E5A-F3BD-40D6-A2FE-B53123DB1139}.Debug|x64.Build.0 = Debug|Any CPU
		{1DF56E5A-F3BD-40D6-A2FE-B53123DB1139}.Debug|x86.ActiveCfg = Debug|Any CPU
		{1DF56E5A-F3BD-40D6-A2FE-B53123DB1139}.Debug|x86.Build.0 = Debug|Any CPU
		{1DF56E5A-F3BD-40D6-A2FE-B53123DB1139}.Gen|Any CPU.ActiveCfg = Debug|Any CPU
		{1DF56E5A-F3BD-40D6-A2FE-B53123DB1139}.Gen|Any CPU.Build.0 = Debug|Any CPU
		{1DF56E5A-F3BD-40D6-A2FE-B53123DB1139}.Gen|x64.ActiveCfg = Debug|Any CPU
		{1DF56E5A-F3BD-40D6-A2FE-B53123DB1139}.Gen|x64.Build.0 = Debug|Any CPU
		{1DF56E5A-F3BD-40D6-A2FE-B53123DB1139}.Gen|x86.ActiveCfg = Debug|Any CPU
		{1DF56E5A-F3BD-40D6-A2FE-B53123DB1139}.Gen|x86.Build.0 = Debug|Any CPU
		{1DF56E5A-F3BD-40D6-A2FE-B53123DB1139}.Release|Any CPU.ActiveCfg = Release|Any CPU
		{1DF56E5A-F3BD-40D6-A2FE-B53123DB1139}.Release|Any CPU.Build.0 = Release|Any CPU
		{1DF56E5A-F3BD-40D6-A2FE-B53123DB1139}.Release|x64.ActiveCfg = Release|Any CPU
		{1DF56E5A-F3BD-40D6-A2FE-B53123DB1139}.Release|x64.Build.0 = Release|Any CPU
		{1DF56E5A-F3BD-40D6-A2FE-B53123DB1139}.Release|x86.ActiveCfg = Release|Any CPU
		{1DF56E5A-F3BD-40D6-A2FE-B53123DB1139}.Release|x86.Build.0 = Release|Any CPU
		{CB19BE58-89DB-4FBB-8172-1A128FB1F39D}.Debug|Any CPU.ActiveCfg = Debug|Any CPU
		{CB19BE58-89DB-4FBB-8172-1A128FB1F39D}.Debug|Any CPU.Build.0 = Debug|Any CPU
		{CB19BE58-89DB-4FBB-8172-1A128FB1F39D}.Debug|x64.ActiveCfg = Debug|Any CPU
		{CB19BE58-89DB-4FBB-8172-1A128FB1F39D}.Debug|x64.Build.0 = Debug|Any CPU
		{CB19BE58-89DB-4FBB-8172-1A128FB1F39D}.Debug|x86.ActiveCfg = Debug|Any CPU
		{CB19BE58-89DB-4FBB-8172-1A128FB1F39D}.Debug|x86.Build.0 = Debug|Any CPU
		{CB19BE58-89DB-4FBB-8172-1A128FB1F39D}.Gen|Any CPU.ActiveCfg = Debug|Any CPU
		{CB19BE58-89DB-4FBB-8172-1A128FB1F39D}.Gen|Any CPU.Build.0 = Debug|Any CPU
		{CB19BE58-89DB-4FBB-8172-1A128FB1F39D}.Gen|x64.ActiveCfg = Debug|Any CPU
		{CB19BE58-89DB-4FBB-8172-1A128FB1F39D}.Gen|x64.Build.0 = Debug|Any CPU
		{CB19BE58-89DB-4FBB-8172-1A128FB1F39D}.Gen|x86.ActiveCfg = Debug|Any CPU
		{CB19BE58-89DB-4FBB-8172-1A128FB1F39D}.Gen|x86.Build.0 = Debug|Any CPU
		{CB19BE58-89DB-4FBB-8172-1A128FB1F39D}.Release|Any CPU.ActiveCfg = Release|Any CPU
		{CB19BE58-89DB-4FBB-8172-1A128FB1F39D}.Release|Any CPU.Build.0 = Release|Any CPU
		{CB19BE58-89DB-4FBB-8172-1A128FB1F39D}.Release|x64.ActiveCfg = Release|Any CPU
		{CB19BE58-89DB-4FBB-8172-1A128FB1F39D}.Release|x64.Build.0 = Release|Any CPU
		{CB19BE58-89DB-4FBB-8172-1A128FB1F39D}.Release|x86.ActiveCfg = Release|Any CPU
		{CB19BE58-89DB-4FBB-8172-1A128FB1F39D}.Release|x86.Build.0 = Release|Any CPU
	EndGlobalSection
	GlobalSection(SolutionProperties) = preSolution
		HideSolutionNode = FALSE
	EndGlobalSection
	GlobalSection(NestedProjects) = preSolution
		{CB1F59CB-F586-48BF-9A51-F57F0C843331} = {45D90BEF-AE56-430E-9351-DFB7FFCBE717}
		{776E4A5C-9280-4139-BDC8-B6EF9F2E2FE7} = {BF7A8F35-38ED-48E8-8368-200E13753216}
		{E263A5DB-A3E6-46E0-AD1D-0B1D0FFB8F1B} = {BF7A8F35-38ED-48E8-8368-200E13753216}
		{03D1616D-3173-4BE9-9553-E0F193C92EBA} = {BF7A8F35-38ED-48E8-8368-200E13753216}
		{E28A0B42-B07C-4BA4-B37B-6D90F0A315C1} = {CB1F59CB-F586-48BF-9A51-F57F0C843331}
		{9BB95B24-CB2E-4B8D-900C-3A79F25E8653} = {E28A0B42-B07C-4BA4-B37B-6D90F0A315C1}
		{1DF56E5A-F3BD-40D6-A2FE-B53123DB1139} = {E28A0B42-B07C-4BA4-B37B-6D90F0A315C1}
		{CB19BE58-89DB-4FBB-8172-1A128FB1F39D} = {E28A0B42-B07C-4BA4-B37B-6D90F0A315C1}
	EndGlobalSection
	GlobalSection(ExtensibilityGlobals) = postSolution
		SolutionGuid = {CF849979-7A01-419B-A9C7-8EA947DCD0C2}
	EndGlobalSection
EndGlobal
