
Microsoft Visual Studio Solution File, Format Version 12.00
# Visual Studio Version 17
VisualStudioVersion = 17.5.002.0
MinimumVisualStudioVersion = 10.0.40219.1
Project("{9A19103F-16F7-4668-BE54-9A1E7A4F7556}") = "Core", "Core.csproj", "{EF2CE6D5-E1F0-4450-B051-20D8A4DA8AA2}"
EndProject
Global
	GlobalSection(SolutionConfigurationPlatforms) = preSolution
		Debug|Any CPU = Debug|Any CPU
		Release|Any CPU = Release|Any CPU
	EndGlobalSection
	GlobalSection(ProjectConfigurationPlatforms) = postSolution
		{EF2CE6D5-E1F0-4450-B051-20D8A4DA8AA2}.Debug|Any CPU.ActiveCfg = Debug|Any CPU
		{EF2CE6D5-E1F0-4450-B051-20D8A4DA8AA2}.Debug|Any CPU.Build.0 = Debug|Any CPU
		{EF2CE6D5-E1F0-4450-B051-20D8A4DA8AA2}.Release|Any CPU.ActiveCfg = Release|Any CPU
		{EF2CE6D5-E1F0-4450-B051-20D8A4DA8AA2}.Release|Any CPU.Build.0 = Release|Any CPU
	EndGlobalSection
	GlobalSection(SolutionProperties) = preSolution
		HideSolutionNode = FALSE
	EndGlobalSection
	GlobalSection(ExtensibilityGlobals) = postSolution
		SolutionGuid = {91CD7369-7C16-4924-922E-E19EE28933E0}
	EndGlobalSection
EndGlobal
